// !$*UTF8*$!
{
	archiveVersion = 1;
	classes = {
	};
	objectVersion = 56;
	objects = {

/* Begin PBXBuildFile section */
		372347672A56AA67002BE596 /* AppDelegate.swift in Sources */ = {isa = PBXBuildFile; fileRef = 372347662A56AA67002BE596 /* AppDelegate.swift */; };
		372347692A56AA67002BE596 /* SceneDelegate.swift in Sources */ = {isa = PBXBuildFile; fileRef = 372347682A56AA67002BE596 /* SceneDelegate.swift */; };
		3723476C2A56AA67002BE596 /* LaunchScreen.storyboard in Resources */ = {isa = PBXBuildFile; fileRef = 3723476A2A56AA67002BE596 /* LaunchScreen.storyboard */; };
		3723476F2A56AA67002BE596 /* Main.storyboard in Resources */ = {isa = PBXBuildFile; fileRef = 3723476D2A56AA67002BE596 /* Main.storyboard */; };
		372347782A56AA67002BE596 /* AppDelegate.swift in Sources */ = {isa = PBXBuildFile; fileRef = 372347772A56AA67002BE596 /* AppDelegate.swift */; };
		3723477B2A56AA67002BE596 /* Main.storyboard in Resources */ = {isa = PBXBuildFile; fileRef = 372347792A56AA67002BE596 /* Main.storyboard */; };
		372347832A56AA67002BE596 /* LeetHub v2 Extension.appex in Embed Foundation Extensions */ = {isa = PBXBuildFile; fileRef = 372347822A56AA67002BE596 /* LeetHub v2 Extension.appex */; settings = {ATTRIBUTES = (RemoveHeadersOnCopy, ); }; };
		3723478D2A56AA67002BE596 /* LeetHub v2 Extension.appex in Embed Foundation Extensions */ = {isa = PBXBuildFile; fileRef = 3723478C2A56AA67002BE596 /* LeetHub v2 Extension.appex */; settings = {ATTRIBUTES = (RemoveHeadersOnCopy, ); }; };
		372347932A56AA67002BE596 /* Main.html in Resources */ = {isa = PBXBuildFile; fileRef = 372347562A56AA66002BE596 /* Main.html */; };
		372347942A56AA67002BE596 /* Main.html in Resources */ = {isa = PBXBuildFile; fileRef = 372347562A56AA66002BE596 /* Main.html */; };
		372347952A56AA67002BE596 /* Icon.png in Resources */ = {isa = PBXBuildFile; fileRef = 372347582A56AA66002BE596 /* Icon.png */; };
		372347962A56AA67002BE596 /* Icon.png in Resources */ = {isa = PBXBuildFile; fileRef = 372347582A56AA66002BE596 /* Icon.png */; };
		372347972A56AA67002BE596 /* Style.css in Resources */ = {isa = PBXBuildFile; fileRef = 372347592A56AA66002BE596 /* Style.css */; };
		372347982A56AA67002BE596 /* Style.css in Resources */ = {isa = PBXBuildFile; fileRef = 372347592A56AA66002BE596 /* Style.css */; };
		372347992A56AA67002BE596 /* Script.js in Resources */ = {isa = PBXBuildFile; fileRef = 3723475A2A56AA66002BE596 /* Script.js */; };
		3723479A2A56AA67002BE596 /* Script.js in Resources */ = {isa = PBXBuildFile; fileRef = 3723475A2A56AA66002BE596 /* Script.js */; };
		3723479B2A56AA67002BE596 /* ViewController.swift in Sources */ = {isa = PBXBuildFile; fileRef = 3723475B2A56AA66002BE596 /* ViewController.swift */; };
		3723479C2A56AA67002BE596 /* ViewController.swift in Sources */ = {isa = PBXBuildFile; fileRef = 3723475B2A56AA66002BE596 /* ViewController.swift */; };
		3723479D2A56AA67002BE596 /* Assets.xcassets in Resources */ = {isa = PBXBuildFile; fileRef = 3723475C2A56AA67002BE596 /* Assets.xcassets */; };
		3723479E2A56AA67002BE596 /* Assets.xcassets in Resources */ = {isa = PBXBuildFile; fileRef = 3723475C2A56AA67002BE596 /* Assets.xcassets */; };
		3723479F2A56AA67002BE596 /* SafariWebExtensionHandler.swift in Sources */ = {isa = PBXBuildFile; fileRef = 3723475E2A56AA67002BE596 /* SafariWebExtensionHandler.swift */; };
		372347A02A56AA67002BE596 /* SafariWebExtensionHandler.swift in Sources */ = {isa = PBXBuildFile; fileRef = 3723475E2A56AA67002BE596 /* SafariWebExtensionHandler.swift */; };
		372347BD2A56AA67002BE596 /* popup.js in Resources */ = {isa = PBXBuildFile; fileRef = 372347B22A56AA67002BE596 /* popup.js */; };
		372347BE2A56AA67002BE596 /* LICENSE in Resources */ = {isa = PBXBuildFile; fileRef = 372347B32A56AA67002BE596 /* LICENSE */; };
		372347BF2A56AA67002BE596 /* css in Resources */ = {isa = PBXBuildFile; fileRef = 372347B42A56AA67002BE596 /* css */; };
		372347C02A56AA67002BE596 /* popup.html in Resources */ = {isa = PBXBuildFile; fileRef = 372347B52A56AA67002BE596 /* popup.html */; };
		372347C12A56AA67002BE596 /* README.md in Resources */ = {isa = PBXBuildFile; fileRef = 372347B62A56AA67002BE596 /* README.md */; };
		372347C22A56AA67002BE596 /* package-lock.json in Resources */ = {isa = PBXBuildFile; fileRef = 372347B72A56AA67002BE596 /* package-lock.json */; };
		372347C32A56AA67002BE596 /* package.json in Resources */ = {isa = PBXBuildFile; fileRef = 372347B82A56AA67002BE596 /* package.json */; };
		372347C42A56AA67002BE596 /* scripts in Resources */ = {isa = PBXBuildFile; fileRef = 372347B92A56AA67002BE596 /* scripts */; };
		372347C52A56AA67002BE596 /* welcome.html in Resources */ = {isa = PBXBuildFile; fileRef = 372347BA2A56AA67002BE596 /* welcome.html */; };
		372347C62A56AA67002BE596 /* manifest.json in Resources */ = {isa = PBXBuildFile; fileRef = 372347BB2A56AA67002BE596 /* manifest.json */; };
		372347C72A56AA67002BE596 /* assets in Resources */ = {isa = PBXBuildFile; fileRef = 372347BC2A56AA67002BE596 /* assets */; };
		372347C82A56AA67002BE596 /* popup.js in Resources */ = {isa = PBXBuildFile; fileRef = 372347B22A56AA67002BE596 /* popup.js */; };
		372347C92A56AA67002BE596 /* LICENSE in Resources */ = {isa = PBXBuildFile; fileRef = 372347B32A56AA67002BE596 /* LICENSE */; };
		372347CA2A56AA67002BE596 /* css in Resources */ = {isa = PBXBuildFile; fileRef = 372347B42A56AA67002BE596 /* css */; };
		372347CB2A56AA67002BE596 /* popup.html in Resources */ = {isa = PBXBuildFile; fileRef = 372347B52A56AA67002BE596 /* popup.html */; };
		372347CC2A56AA67002BE596 /* README.md in Resources */ = {isa = PBXBuildFile; fileRef = 372347B62A56AA67002BE596 /* README.md */; };
		372347CD2A56AA67002BE596 /* package-lock.json in Resources */ = {isa = PBXBuildFile; fileRef = 372347B72A56AA67002BE596 /* package-lock.json */; };
		372347CE2A56AA67002BE596 /* package.json in Resources */ = {isa = PBXBuildFile; fileRef = 372347B82A56AA67002BE596 /* package.json */; };
		372347CF2A56AA67002BE596 /* scripts in Resources */ = {isa = PBXBuildFile; fileRef = 372347B92A56AA67002BE596 /* scripts */; };
		372347D02A56AA67002BE596 /* welcome.html in Resources */ = {isa = PBXBuildFile; fileRef = 372347BA2A56AA67002BE596 /* welcome.html */; };
		372347D12A56AA67002BE596 /* manifest.json in Resources */ = {isa = PBXBuildFile; fileRef = 372347BB2A56AA67002BE596 /* manifest.json */; };
		372347D22A56AA67002BE596 /* assets in Resources */ = {isa = PBXBuildFile; fileRef = 372347BC2A56AA67002BE596 /* assets */; };
/* End PBXBuildFile section */

/* Begin PBXContainerItemProxy section */
		372347842A56AA67002BE596 /* PBXContainerItemProxy */ = {
			isa = PBXContainerItemProxy;
			containerPortal = 372347502A56AA66002BE596 /* Project object */;
			proxyType = 1;
			remoteGlobalIDString = 372347812A56AA67002BE596;
			remoteInfo = "LeetHub v2 Extension (iOS)";
		};
		3723478E2A56AA67002BE596 /* PBXContainerItemProxy */ = {
			isa = PBXContainerItemProxy;
			containerPortal = 372347502A56AA66002BE596 /* Project object */;
			proxyType = 1;
			remoteGlobalIDString = 3723478B2A56AA67002BE596;
			remoteInfo = "LeetHub v2 Extension (macOS)";
		};
/* End PBXContainerItemProxy section */

/* Begin PBXCopyFilesBuildPhase section */
		372347A62A56AA67002BE596 /* Embed Foundation Extensions */ = {
			isa = PBXCopyFilesBuildPhase;
			buildActionMask = 2147483647;
			dstPath = "";
			dstSubfolderSpec = 13;
			files = (
				372347832A56AA67002BE596 /* LeetHub v2 Extension.appex in Embed Foundation Extensions */,
			);
			name = "Embed Foundation Extensions";
			runOnlyForDeploymentPostprocessing = 0;
		};
		372347AD2A56AA67002BE596 /* Embed Foundation Extensions */ = {
			isa = PBXCopyFilesBuildPhase;
			buildActionMask = 2147483647;
			dstPath = "";
			dstSubfolderSpec = 13;
			files = (
				3723478D2A56AA67002BE596 /* LeetHub v2 Extension.appex in Embed Foundation Extensions */,
			);
			name = "Embed Foundation Extensions";
			runOnlyForDeploymentPostprocessing = 0;
		};
/* End PBXCopyFilesBuildPhase section */

/* Begin PBXFileReference section */
		372347572A56AA66002BE596 /* Base */ = {isa = PBXFileReference; lastKnownFileType = text.html; name = Base; path = ../Base.lproj/Main.html; sourceTree = "<group>"; };
		372347582A56AA66002BE596 /* Icon.png */ = {isa = PBXFileReference; lastKnownFileType = image.png; path = Icon.png; sourceTree = "<group>"; };
		372347592A56AA66002BE596 /* Style.css */ = {isa = PBXFileReference; lastKnownFileType = text.css; path = Style.css; sourceTree = "<group>"; };
		3723475A2A56AA66002BE596 /* Script.js */ = {isa = PBXFileReference; lastKnownFileType = sourcecode.javascript; path = Script.js; sourceTree = "<group>"; };
		3723475B2A56AA66002BE596 /* ViewController.swift */ = {isa = PBXFileReference; lastKnownFileType = sourcecode.swift; path = ViewController.swift; sourceTree = "<group>"; };
		3723475C2A56AA67002BE596 /* Assets.xcassets */ = {isa = PBXFileReference; lastKnownFileType = folder.assetcatalog; path = Assets.xcassets; sourceTree = "<group>"; };
		3723475E2A56AA67002BE596 /* SafariWebExtensionHandler.swift */ = {isa = PBXFileReference; lastKnownFileType = sourcecode.swift; path = SafariWebExtensionHandler.swift; sourceTree = "<group>"; };
		372347632A56AA67002BE596 /* LeetHub v2.app */ = {isa = PBXFileReference; explicitFileType = wrapper.application; includeInIndex = 0; path = "LeetHub v2.app"; sourceTree = BUILT_PRODUCTS_DIR; };
		372347662A56AA67002BE596 /* AppDelegate.swift */ = {isa = PBXFileReference; lastKnownFileType = sourcecode.swift; path = AppDelegate.swift; sourceTree = "<group>"; };
		372347682A56AA67002BE596 /* SceneDelegate.swift */ = {isa = PBXFileReference; lastKnownFileType = sourcecode.swift; path = SceneDelegate.swift; sourceTree = "<group>"; };
		3723476B2A56AA67002BE596 /* Base */ = {isa = PBXFileReference; lastKnownFileType = file.storyboard; name = Base; path = Base.lproj/LaunchScreen.storyboard; sourceTree = "<group>"; };
		3723476E2A56AA67002BE596 /* Base */ = {isa = PBXFileReference; lastKnownFileType = file.storyboard; name = Base; path = Base.lproj/Main.storyboard; sourceTree = "<group>"; };
		372347702A56AA67002BE596 /* Info.plist */ = {isa = PBXFileReference; lastKnownFileType = text.plist.xml; path = Info.plist; sourceTree = "<group>"; };
		372347752A56AA67002BE596 /* LeetHub v2.app */ = {isa = PBXFileReference; explicitFileType = wrapper.application; includeInIndex = 0; path = "LeetHub v2.app"; sourceTree = BUILT_PRODUCTS_DIR; };
		372347772A56AA67002BE596 /* AppDelegate.swift */ = {isa = PBXFileReference; lastKnownFileType = sourcecode.swift; path = AppDelegate.swift; sourceTree = "<group>"; };
		3723477A2A56AA67002BE596 /* Base */ = {isa = PBXFileReference; lastKnownFileType = file.storyboard; name = Base; path = Base.lproj/Main.storyboard; sourceTree = "<group>"; };
		3723477C2A56AA67002BE596 /* Info.plist */ = {isa = PBXFileReference; lastKnownFileType = text.plist.xml; path = Info.plist; sourceTree = "<group>"; };
		3723477D2A56AA67002BE596 /* LeetHub v2.entitlements */ = {isa = PBXFileReference; lastKnownFileType = text.plist.entitlements; path = "LeetHub v2.entitlements"; sourceTree = "<group>"; };
		372347822A56AA67002BE596 /* LeetHub v2 Extension.appex */ = {isa = PBXFileReference; explicitFileType = "wrapper.app-extension"; includeInIndex = 0; path = "LeetHub v2 Extension.appex"; sourceTree = BUILT_PRODUCTS_DIR; };
		372347872A56AA67002BE596 /* Info.plist */ = {isa = PBXFileReference; lastKnownFileType = text.plist.xml; path = Info.plist; sourceTree = "<group>"; };
		3723478C2A56AA67002BE596 /* LeetHub v2 Extension.appex */ = {isa = PBXFileReference; explicitFileType = "wrapper.app-extension"; includeInIndex = 0; path = "LeetHub v2 Extension.appex"; sourceTree = BUILT_PRODUCTS_DIR; };
		372347912A56AA67002BE596 /* Info.plist */ = {isa = PBXFileReference; lastKnownFileType = text.plist.xml; path = Info.plist; sourceTree = "<group>"; };
		372347922A56AA67002BE596 /* LeetHub v2.entitlements */ = {isa = PBXFileReference; lastKnownFileType = text.plist.entitlements; path = "LeetHub v2.entitlements"; sourceTree = "<group>"; };
		372347B22A56AA67002BE596 /* popup.js */ = {isa = PBXFileReference; lastKnownFileType = sourcecode.javascript; name = popup.js; path = "../../LeetHub-2.0/popup.js"; sourceTree = "<group>"; };
		372347B32A56AA67002BE596 /* LICENSE */ = {isa = PBXFileReference; lastKnownFileType = text; name = LICENSE; path = "../../LeetHub-2.0/LICENSE"; sourceTree = "<group>"; };
		372347B42A56AA67002BE596 /* css */ = {isa = PBXFileReference; lastKnownFileType = folder; name = css; path = "../../LeetHub-2.0/css"; sourceTree = "<group>"; };
		372347B52A56AA67002BE596 /* popup.html */ = {isa = PBXFileReference; lastKnownFileType = text.html; name = popup.html; path = "../../LeetHub-2.0/popup.html"; sourceTree = "<group>"; };
		372347B62A56AA67002BE596 /* README.md */ = {isa = PBXFileReference; lastKnownFileType = net.daringfireball.markdown; name = README.md; path = "../../LeetHub-2.0/README.md"; sourceTree = "<group>"; };
		372347B72A56AA67002BE596 /* package-lock.json */ = {isa = PBXFileReference; lastKnownFileType = text.json; name = "package-lock.json"; path = "../../LeetHub-2.0/package-lock.json"; sourceTree = "<group>"; };
		372347B82A56AA67002BE596 /* package.json */ = {isa = PBXFileReference; lastKnownFileType = text.json; name = package.json; path = "../../LeetHub-2.0/package.json"; sourceTree = "<group>"; };
		372347B92A56AA67002BE596 /* scripts */ = {isa = PBXFileReference; lastKnownFileType = folder; name = scripts; path = "../../LeetHub-2.0/scripts"; sourceTree = "<group>"; };
		372347BA2A56AA67002BE596 /* welcome.html */ = {isa = PBXFileReference; lastKnownFileType = text.html; name = welcome.html; path = "../../LeetHub-2.0/welcome.html"; sourceTree = "<group>"; };
		372347BB2A56AA67002BE596 /* manifest.json */ = {isa = PBXFileReference; lastKnownFileType = text.json; name = manifest.json; path = "../../LeetHub-2.0/manifest.json"; sourceTree = "<group>"; };
		372347BC2A56AA67002BE596 /* assets */ = {isa = PBXFileReference; lastKnownFileType = folder; name = assets; path = "../../LeetHub-2.0/assets"; sourceTree = "<group>"; };
/* End PBXFileReference section */

/* Begin PBXFrameworksBuildPhase section */
		372347602A56AA67002BE596 /* Frameworks */ = {
			isa = PBXFrameworksBuildPhase;
			buildActionMask = 2147483647;
			files = (
			);
			runOnlyForDeploymentPostprocessing = 0;
		};
		372347722A56AA67002BE596 /* Frameworks */ = {
			isa = PBXFrameworksBuildPhase;
			buildActionMask = 2147483647;
			files = (
			);
			runOnlyForDeploymentPostprocessing = 0;
		};
		3723477F2A56AA67002BE596 /* Frameworks */ = {
			isa = PBXFrameworksBuildPhase;
			buildActionMask = 2147483647;
			files = (
			);
			runOnlyForDeploymentPostprocessing = 0;
		};
		372347892A56AA67002BE596 /* Frameworks */ = {
			isa = PBXFrameworksBuildPhase;
			buildActionMask = 2147483647;
			files = (
			);
			runOnlyForDeploymentPostprocessing = 0;
		};
/* End PBXFrameworksBuildPhase section */

/* Begin PBXGroup section */
		3723474F2A56AA66002BE596 = {
			isa = PBXGroup;
			children = (
				372347542A56AA66002BE596 /* Shared (App) */,
				3723475D2A56AA67002BE596 /* Shared (Extension) */,
				372347652A56AA67002BE596 /* iOS (App) */,
				372347762A56AA67002BE596 /* macOS (App) */,
				372347862A56AA67002BE596 /* iOS (Extension) */,
				372347902A56AA67002BE596 /* macOS (Extension) */,
				372347642A56AA67002BE596 /* Products */,
			);
			sourceTree = "<group>";
		};
		372347542A56AA66002BE596 /* Shared (App) */ = {
			isa = PBXGroup;
			children = (
				3723475B2A56AA66002BE596 /* ViewController.swift */,
				3723475C2A56AA67002BE596 /* Assets.xcassets */,
				372347552A56AA66002BE596 /* Resources */,
			);
			path = "Shared (App)";
			sourceTree = "<group>";
		};
		372347552A56AA66002BE596 /* Resources */ = {
			isa = PBXGroup;
			children = (
				372347562A56AA66002BE596 /* Main.html */,
				372347582A56AA66002BE596 /* Icon.png */,
				372347592A56AA66002BE596 /* Style.css */,
				3723475A2A56AA66002BE596 /* Script.js */,
			);
			path = Resources;
			sourceTree = "<group>";
		};
		3723475D2A56AA67002BE596 /* Shared (Extension) */ = {
			isa = PBXGroup;
			children = (
				372347B12A56AA67002BE596 /* Resources */,
				3723475E2A56AA67002BE596 /* SafariWebExtensionHandler.swift */,
			);
			path = "Shared (Extension)";
			sourceTree = "<group>";
		};
		372347642A56AA67002BE596 /* Products */ = {
			isa = PBXGroup;
			children = (
				372347632A56AA67002BE596 /* LeetHub v2.app */,
				372347752A56AA67002BE596 /* LeetHub v2.app */,
				372347822A56AA67002BE596 /* LeetHub v2 Extension.appex */,
				3723478C2A56AA67002BE596 /* LeetHub v2 Extension.appex */,
			);
			name = Products;
			sourceTree = "<group>";
		};
		372347652A56AA67002BE596 /* iOS (App) */ = {
			isa = PBXGroup;
			children = (
				372347662A56AA67002BE596 /* AppDelegate.swift */,
				372347682A56AA67002BE596 /* SceneDelegate.swift */,
				3723476A2A56AA67002BE596 /* LaunchScreen.storyboard */,
				3723476D2A56AA67002BE596 /* Main.storyboard */,
				372347702A56AA67002BE596 /* Info.plist */,
			);
			path = "iOS (App)";
			sourceTree = "<group>";
		};
		372347762A56AA67002BE596 /* macOS (App) */ = {
			isa = PBXGroup;
			children = (
				372347772A56AA67002BE596 /* AppDelegate.swift */,
				372347792A56AA67002BE596 /* Main.storyboard */,
				3723477C2A56AA67002BE596 /* Info.plist */,
				3723477D2A56AA67002BE596 /* LeetHub v2.entitlements */,
			);
			path = "macOS (App)";
			sourceTree = "<group>";
		};
		372347862A56AA67002BE596 /* iOS (Extension) */ = {
			isa = PBXGroup;
			children = (
				372347872A56AA67002BE596 /* Info.plist */,
			);
			path = "iOS (Extension)";
			sourceTree = "<group>";
		};
		372347902A56AA67002BE596 /* macOS (Extension) */ = {
			isa = PBXGroup;
			children = (
				372347912A56AA67002BE596 /* Info.plist */,
				372347922A56AA67002BE596 /* LeetHub v2.entitlements */,
			);
			path = "macOS (Extension)";
			sourceTree = "<group>";
		};
		372347B12A56AA67002BE596 /* Resources */ = {
			isa = PBXGroup;
			children = (
				372347B22A56AA67002BE596 /* popup.js */,
				372347B32A56AA67002BE596 /* LICENSE */,
				372347B42A56AA67002BE596 /* css */,
				372347B52A56AA67002BE596 /* popup.html */,
				372347B62A56AA67002BE596 /* README.md */,
				372347B72A56AA67002BE596 /* package-lock.json */,
				372347B82A56AA67002BE596 /* package.json */,
				372347B92A56AA67002BE596 /* scripts */,
				372347BA2A56AA67002BE596 /* welcome.html */,
				372347BB2A56AA67002BE596 /* manifest.json */,
				372347BC2A56AA67002BE596 /* assets */,
			);
			name = Resources;
			path = "Shared (Extension)";
			sourceTree = SOURCE_ROOT;
		};
/* End PBXGroup section */

/* Begin PBXNativeTarget section */
		372347622A56AA67002BE596 /* LeetHub v2 (iOS) */ = {
			isa = PBXNativeTarget;
			buildConfigurationList = 372347A72A56AA67002BE596 /* Build configuration list for PBXNativeTarget "LeetHub v2 (iOS)" */;
			buildPhases = (
				3723475F2A56AA67002BE596 /* Sources */,
				372347602A56AA67002BE596 /* Frameworks */,
				372347612A56AA67002BE596 /* Resources */,
				372347A62A56AA67002BE596 /* Embed Foundation Extensions */,
			);
			buildRules = (
			);
			dependencies = (
				372347852A56AA67002BE596 /* PBXTargetDependency */,
			);
			name = "LeetHub v2 (iOS)";
			productName = "LeetHub v2 (iOS)";
			productReference = 372347632A56AA67002BE596 /* LeetHub v2.app */;
			productType = "com.apple.product-type.application";
		};
		372347742A56AA67002BE596 /* LeetHub v2 (macOS) */ = {
			isa = PBXNativeTarget;
			buildConfigurationList = 372347AE2A56AA67002BE596 /* Build configuration list for PBXNativeTarget "LeetHub v2 (macOS)" */;
			buildPhases = (
				372347712A56AA67002BE596 /* Sources */,
				372347722A56AA67002BE596 /* Frameworks */,
				372347732A56AA67002BE596 /* Resources */,
				372347AD2A56AA67002BE596 /* Embed Foundation Extensions */,
			);
			buildRules = (
			);
			dependencies = (
				3723478F2A56AA67002BE596 /* PBXTargetDependency */,
			);
			name = "LeetHub v2 (macOS)";
			productName = "LeetHub v2 (macOS)";
			productReference = 372347752A56AA67002BE596 /* LeetHub v2.app */;
			productType = "com.apple.product-type.application";
		};
		372347812A56AA67002BE596 /* LeetHub v2 Extension (iOS) */ = {
			isa = PBXNativeTarget;
			buildConfigurationList = 372347A32A56AA67002BE596 /* Build configuration list for PBXNativeTarget "LeetHub v2 Extension (iOS)" */;
			buildPhases = (
				3723477E2A56AA67002BE596 /* Sources */,
				3723477F2A56AA67002BE596 /* Frameworks */,
				372347802A56AA67002BE596 /* Resources */,
			);
			buildRules = (
			);
			dependencies = (
			);
			name = "LeetHub v2 Extension (iOS)";
			productName = "LeetHub v2 Extension (iOS)";
			productReference = 372347822A56AA67002BE596 /* LeetHub v2 Extension.appex */;
			productType = "com.apple.product-type.app-extension";
		};
		3723478B2A56AA67002BE596 /* LeetHub v2 Extension (macOS) */ = {
			isa = PBXNativeTarget;
			buildConfigurationList = 372347AA2A56AA67002BE596 /* Build configuration list for PBXNativeTarget "LeetHub v2 Extension (macOS)" */;
			buildPhases = (
				372347882A56AA67002BE596 /* Sources */,
				372347892A56AA67002BE596 /* Frameworks */,
				3723478A2A56AA67002BE596 /* Resources */,
			);
			buildRules = (
			);
			dependencies = (
			);
			name = "LeetHub v2 Extension (macOS)";
			productName = "LeetHub v2 Extension (macOS)";
			productReference = 3723478C2A56AA67002BE596 /* LeetHub v2 Extension.appex */;
			productType = "com.apple.product-type.app-extension";
		};
/* End PBXNativeTarget section */

/* Begin PBXProject section */
		372347502A56AA66002BE596 /* Project object */ = {
			isa = PBXProject;
			attributes = {
				BuildIndependentTargetsInParallel = 1;
				LastSwiftUpdateCheck = 1430;
				LastUpgradeCheck = 1430;
				TargetAttributes = {
					372347622A56AA67002BE596 = {
						CreatedOnToolsVersion = 14.3.1;
					};
					372347742A56AA67002BE596 = {
						CreatedOnToolsVersion = 14.3.1;
					};
					372347812A56AA67002BE596 = {
						CreatedOnToolsVersion = 14.3.1;
					};
					3723478B2A56AA67002BE596 = {
						CreatedOnToolsVersion = 14.3.1;
					};
				};
			};
			buildConfigurationList = 372347532A56AA66002BE596 /* Build configuration list for PBXProject "LeetHub v2" */;
			compatibilityVersion = "Xcode 14.0";
			developmentRegion = en;
			hasScannedForEncodings = 0;
			knownRegions = (
				en,
				Base,
			);
			mainGroup = 3723474F2A56AA66002BE596;
			productRefGroup = 372347642A56AA67002BE596 /* Products */;
			projectDirPath = "";
			projectRoot = "";
			targets = (
				372347622A56AA67002BE596 /* LeetHub v2 (iOS) */,
				372347742A56AA67002BE596 /* LeetHub v2 (macOS) */,
				372347812A56AA67002BE596 /* LeetHub v2 Extension (iOS) */,
				3723478B2A56AA67002BE596 /* LeetHub v2 Extension (macOS) */,
			);
		};
/* End PBXProject section */

/* Begin PBXResourcesBuildPhase section */
		372347612A56AA67002BE596 /* Resources */ = {
			isa = PBXResourcesBuildPhase;
			buildActionMask = 2147483647;
			files = (
				372347952A56AA67002BE596 /* Icon.png in Resources */,
				3723476C2A56AA67002BE596 /* LaunchScreen.storyboard in Resources */,
				372347932A56AA67002BE596 /* Main.html in Resources */,
				372347992A56AA67002BE596 /* Script.js in Resources */,
				3723479D2A56AA67002BE596 /* Assets.xcassets in Resources */,
				3723476F2A56AA67002BE596 /* Main.storyboard in Resources */,
				372347972A56AA67002BE596 /* Style.css in Resources */,
			);
			runOnlyForDeploymentPostprocessing = 0;
		};
		372347732A56AA67002BE596 /* Resources */ = {
			isa = PBXResourcesBuildPhase;
			buildActionMask = 2147483647;
			files = (
				372347962A56AA67002BE596 /* Icon.png in Resources */,
				372347982A56AA67002BE596 /* Style.css in Resources */,
				3723477B2A56AA67002BE596 /* Main.storyboard in Resources */,
				3723479A2A56AA67002BE596 /* Script.js in Resources */,
				3723479E2A56AA67002BE596 /* Assets.xcassets in Resources */,
				372347942A56AA67002BE596 /* Main.html in Resources */,
			);
			runOnlyForDeploymentPostprocessing = 0;
		};
		372347802A56AA67002BE596 /* Resources */ = {
			isa = PBXResourcesBuildPhase;
			buildActionMask = 2147483647;
			files = (
				372347CA2A56AA67002BE596 /* css in Resources */,
				372347CB2A56AA67002BE596 /* popup.html in Resources */,
				372347D12A56AA67002BE596 /* manifest.json in Resources */,
				372347CC2A56AA67002BE596 /* README.md in Resources */,
				372347C92A56AA67002BE596 /* LICENSE in Resources */,
				372347C82A56AA67002BE596 /* popup.js in Resources */,
				372347CE2A56AA67002BE596 /* package.json in Resources */,
				372347D02A56AA67002BE596 /* welcome.html in Resources */,
				372347CD2A56AA67002BE596 /* package-lock.json in Resources */,
				372347CF2A56AA67002BE596 /* scripts in Resources */,
				372347D22A56AA67002BE596 /* assets in Resources */,
			);
			runOnlyForDeploymentPostprocessing = 0;
		};
		3723478A2A56AA67002BE596 /* Resources */ = {
			isa = PBXResourcesBuildPhase;
			buildActionMask = 2147483647;
			files = (
				372347BF2A56AA67002BE596 /* css in Resources */,
				372347C02A56AA67002BE596 /* popup.html in Resources */,
				372347C62A56AA67002BE596 /* manifest.json in Resources */,
				372347C12A56AA67002BE596 /* README.md in Resources */,
				372347BE2A56AA67002BE596 /* LICENSE in Resources */,
				372347BD2A56AA67002BE596 /* popup.js in Resources */,
				372347C32A56AA67002BE596 /* package.json in Resources */,
				372347C52A56AA67002BE596 /* welcome.html in Resources */,
				372347C22A56AA67002BE596 /* package-lock.json in Resources */,
				372347C42A56AA67002BE596 /* scripts in Resources */,
				372347C72A56AA67002BE596 /* assets in Resources */,
			);
			runOnlyForDeploymentPostprocessing = 0;
		};
/* End PBXResourcesBuildPhase section */

/* Begin PBXSourcesBuildPhase section */
		3723475F2A56AA67002BE596 /* Sources */ = {
			isa = PBXSourcesBuildPhase;
			buildActionMask = 2147483647;
			files = (
				3723479B2A56AA67002BE596 /* ViewController.swift in Sources */,
				372347672A56AA67002BE596 /* AppDelegate.swift in Sources */,
				372347692A56AA67002BE596 /* SceneDelegate.swift in Sources */,
			);
			runOnlyForDeploymentPostprocessing = 0;
		};
		372347712A56AA67002BE596 /* Sources */ = {
			isa = PBXSourcesBuildPhase;
			buildActionMask = 2147483647;
			files = (
				3723479C2A56AA67002BE596 /* ViewController.swift in Sources */,
				372347782A56AA67002BE596 /* AppDelegate.swift in Sources */,
			);
			runOnlyForDeploymentPostprocessing = 0;
		};
		3723477E2A56AA67002BE596 /* Sources */ = {
			isa = PBXSourcesBuildPhase;
			buildActionMask = 2147483647;
			files = (
				3723479F2A56AA67002BE596 /* SafariWebExtensionHandler.swift in Sources */,
			);
			runOnlyForDeploymentPostprocessing = 0;
		};
		372347882A56AA67002BE596 /* Sources */ = {
			isa = PBXSourcesBuildPhase;
			buildActionMask = 2147483647;
			files = (
				372347A02A56AA67002BE596 /* SafariWebExtensionHandler.swift in Sources */,
			);
			runOnlyForDeploymentPostprocessing = 0;
		};
/* End PBXSourcesBuildPhase section */

/* Begin PBXTargetDependency section */
		372347852A56AA67002BE596 /* PBXTargetDependency */ = {
			isa = PBXTargetDependency;
			target = 372347812A56AA67002BE596 /* LeetHub v2 Extension (iOS) */;
			targetProxy = 372347842A56AA67002BE596 /* PBXContainerItemProxy */;
		};
		3723478F2A56AA67002BE596 /* PBXTargetDependency */ = {
			isa = PBXTargetDependency;
			target = 3723478B2A56AA67002BE596 /* LeetHub v2 Extension (macOS) */;
			targetProxy = 3723478E2A56AA67002BE596 /* PBXContainerItemProxy */;
		};
/* End PBXTargetDependency section */

/* Begin PBXVariantGroup section */
		372347562A56AA66002BE596 /* Main.html */ = {
			isa = PBXVariantGroup;
			children = (
				372347572A56AA66002BE596 /* Base */,
			);
			name = Main.html;
			sourceTree = "<group>";
		};
		3723476A2A56AA67002BE596 /* LaunchScreen.storyboard */ = {
			isa = PBXVariantGroup;
			children = (
				3723476B2A56AA67002BE596 /* Base */,
			);
			name = LaunchScreen.storyboard;
			sourceTree = "<group>";
		};
		3723476D2A56AA67002BE596 /* Main.storyboard */ = {
			isa = PBXVariantGroup;
			children = (
				3723476E2A56AA67002BE596 /* Base */,
			);
			name = Main.storyboard;
			sourceTree = "<group>";
		};
		372347792A56AA67002BE596 /* Main.storyboard */ = {
			isa = PBXVariantGroup;
			children = (
				3723477A2A56AA67002BE596 /* Base */,
			);
			name = Main.storyboard;
			sourceTree = "<group>";
		};
/* End PBXVariantGroup section */

/* Begin XCBuildConfiguration section */
		372347A12A56AA67002BE596 /* Debug */ = {
			isa = XCBuildConfiguration;
			buildSettings = {
				ALWAYS_SEARCH_USER_PATHS = NO;
				CLANG_ANALYZER_NONNULL = YES;
				CLANG_ANALYZER_NUMBER_OBJECT_CONVERSION = YES_AGGRESSIVE;
				CLANG_CXX_LANGUAGE_STANDARD = "gnu++20";
				CLANG_ENABLE_MODULES = YES;
				CLANG_ENABLE_OBJC_ARC = YES;
				CLANG_ENABLE_OBJC_WEAK = YES;
				CLANG_WARN_BLOCK_CAPTURE_AUTORELEASING = YES;
				CLANG_WARN_BOOL_CONVERSION = YES;
				CLANG_WARN_COMMA = YES;
				CLANG_WARN_CONSTANT_CONVERSION = YES;
				CLANG_WARN_DEPRECATED_OBJC_IMPLEMENTATIONS = YES;
				CLANG_WARN_DIRECT_OBJC_ISA_USAGE = YES_ERROR;
				CLANG_WARN_DOCUMENTATION_COMMENTS = YES;
				CLANG_WARN_EMPTY_BODY = YES;
				CLANG_WARN_ENUM_CONVERSION = YES;
				CLANG_WARN_INFINITE_RECURSION = YES;
				CLANG_WARN_INT_CONVERSION = YES;
				CLANG_WARN_NON_LITERAL_NULL_CONVERSION = YES;
				CLANG_WARN_OBJC_IMPLICIT_RETAIN_SELF = YES;
				CLANG_WARN_OBJC_LITERAL_CONVERSION = YES;
				CLANG_WARN_OBJC_ROOT_CLASS = YES_ERROR;
				CLANG_WARN_QUOTED_INCLUDE_IN_FRAMEWORK_HEADER = YES;
				CLANG_WARN_RANGE_LOOP_ANALYSIS = YES;
				CLANG_WARN_STRICT_PROTOTYPES = YES;
				CLANG_WARN_SUSPICIOUS_MOVE = YES;
				CLANG_WARN_UNGUARDED_AVAILABILITY = YES_AGGRESSIVE;
				CLANG_WARN_UNREACHABLE_CODE = YES;
				CLANG_WARN__DUPLICATE_METHOD_MATCH = YES;
				COPY_PHASE_STRIP = NO;
				DEBUG_INFORMATION_FORMAT = dwarf;
				ENABLE_STRICT_OBJC_MSGSEND = YES;
				ENABLE_TESTABILITY = YES;
				GCC_C_LANGUAGE_STANDARD = gnu11;
				GCC_DYNAMIC_NO_PIC = NO;
				GCC_NO_COMMON_BLOCKS = YES;
				GCC_OPTIMIZATION_LEVEL = 0;
				GCC_PREPROCESSOR_DEFINITIONS = (
					"DEBUG=1",
					"$(inherited)",
				);
				GCC_WARN_64_TO_32_BIT_CONVERSION = YES;
				GCC_WARN_ABOUT_RETURN_TYPE = YES_ERROR;
				GCC_WARN_UNDECLARED_SELECTOR = YES;
				GCC_WARN_UNINITIALIZED_AUTOS = YES_AGGRESSIVE;
				GCC_WARN_UNUSED_FUNCTION = YES;
				GCC_WARN_UNUSED_VARIABLE = YES;
				MTL_ENABLE_DEBUG_INFO = INCLUDE_SOURCE;
				MTL_FAST_MATH = YES;
				ONLY_ACTIVE_ARCH = YES;
				SWIFT_ACTIVE_COMPILATION_CONDITIONS = DEBUG;
				SWIFT_OPTIMIZATION_LEVEL = "-Onone";
			};
			name = Debug;
		};
		372347A22A56AA67002BE596 /* Release */ = {
			isa = XCBuildConfiguration;
			buildSettings = {
				ALWAYS_SEARCH_USER_PATHS = NO;
				CLANG_ANALYZER_NONNULL = YES;
				CLANG_ANALYZER_NUMBER_OBJECT_CONVERSION = YES_AGGRESSIVE;
				CLANG_CXX_LANGUAGE_STANDARD = "gnu++20";
				CLANG_ENABLE_MODULES = YES;
				CLANG_ENABLE_OBJC_ARC = YES;
				CLANG_ENABLE_OBJC_WEAK = YES;
				CLANG_WARN_BLOCK_CAPTURE_AUTORELEASING = YES;
				CLANG_WARN_BOOL_CONVERSION = YES;
				CLANG_WARN_COMMA = YES;
				CLANG_WARN_CONSTANT_CONVERSION = YES;
				CLANG_WARN_DEPRECATED_OBJC_IMPLEMENTATIONS = YES;
				CLANG_WARN_DIRECT_OBJC_ISA_USAGE = YES_ERROR;
				CLANG_WARN_DOCUMENTATION_COMMENTS = YES;
				CLANG_WARN_EMPTY_BODY = YES;
				CLANG_WARN_ENUM_CONVERSION = YES;
				CLANG_WARN_INFINITE_RECURSION = YES;
				CLANG_WARN_INT_CONVERSION = YES;
				CLANG_WARN_NON_LITERAL_NULL_CONVERSION = YES;
				CLANG_WARN_OBJC_IMPLICIT_RETAIN_SELF = YES;
				CLANG_WARN_OBJC_LITERAL_CONVERSION = YES;
				CLANG_WARN_OBJC_ROOT_CLASS = YES_ERROR;
				CLANG_WARN_QUOTED_INCLUDE_IN_FRAMEWORK_HEADER = YES;
				CLANG_WARN_RANGE_LOOP_ANALYSIS = YES;
				CLANG_WARN_STRICT_PROTOTYPES = YES;
				CLANG_WARN_SUSPICIOUS_MOVE = YES;
				CLANG_WARN_UNGUARDED_AVAILABILITY = YES_AGGRESSIVE;
				CLANG_WARN_UNREACHABLE_CODE = YES;
				CLANG_WARN__DUPLICATE_METHOD_MATCH = YES;
				COPY_PHASE_STRIP = NO;
				DEBUG_INFORMATION_FORMAT = "dwarf-with-dsym";
				ENABLE_NS_ASSERTIONS = NO;
				ENABLE_STRICT_OBJC_MSGSEND = YES;
				GCC_C_LANGUAGE_STANDARD = gnu11;
				GCC_NO_COMMON_BLOCKS = YES;
				GCC_WARN_64_TO_32_BIT_CONVERSION = YES;
				GCC_WARN_ABOUT_RETURN_TYPE = YES_ERROR;
				GCC_WARN_UNDECLARED_SELECTOR = YES;
				GCC_WARN_UNINITIALIZED_AUTOS = YES_AGGRESSIVE;
				GCC_WARN_UNUSED_FUNCTION = YES;
				GCC_WARN_UNUSED_VARIABLE = YES;
				MTL_ENABLE_DEBUG_INFO = NO;
				MTL_FAST_MATH = YES;
				SWIFT_COMPILATION_MODE = wholemodule;
				SWIFT_OPTIMIZATION_LEVEL = "-O";
			};
			name = Release;
		};
		372347A42A56AA67002BE596 /* Debug */ = {
			isa = XCBuildConfiguration;
			buildSettings = {
				CODE_SIGN_STYLE = Automatic;
				CURRENT_PROJECT_VERSION = 1;
				GENERATE_INFOPLIST_FILE = YES;
				INFOPLIST_FILE = "iOS (Extension)/Info.plist";
				INFOPLIST_KEY_CFBundleDisplayName = "LeetHub v2 Extension";
				INFOPLIST_KEY_NSHumanReadableCopyright = "";
				IPHONEOS_DEPLOYMENT_TARGET = 15.0;
				LD_RUNPATH_SEARCH_PATHS = (
					"$(inherited)",
					"@executable_path/Frameworks",
					"@executable_path/../../Frameworks",
				);
				MARKETING_VERSION = 1.0;
				OTHER_LDFLAGS = (
					"-framework",
					SafariServices,
				);
				PRODUCT_BUNDLE_IDENTIFIER = "com.github.LeetHub-v2.Extension";
				PRODUCT_NAME = "LeetHub v2 Extension";
				SDKROOT = iphoneos;
				SKIP_INSTALL = YES;
				SWIFT_EMIT_LOC_STRINGS = YES;
				SWIFT_VERSION = 5.0;
				TARGETED_DEVICE_FAMILY = "1,2";
			};
			name = Debug;
		};
		372347A52A56AA67002BE596 /* Release */ = {
			isa = XCBuildConfiguration;
			buildSettings = {
				CODE_SIGN_STYLE = Automatic;
				CURRENT_PROJECT_VERSION = 1;
				GENERATE_INFOPLIST_FILE = YES;
				INFOPLIST_FILE = "iOS (Extension)/Info.plist";
				INFOPLIST_KEY_CFBundleDisplayName = "LeetHub v2 Extension";
				INFOPLIST_KEY_NSHumanReadableCopyright = "";
				IPHONEOS_DEPLOYMENT_TARGET = 15.0;
				LD_RUNPATH_SEARCH_PATHS = (
					"$(inherited)",
					"@executable_path/Frameworks",
					"@executable_path/../../Frameworks",
				);
				MARKETING_VERSION = 1.0;
				OTHER_LDFLAGS = (
					"-framework",
					SafariServices,
				);
				PRODUCT_BUNDLE_IDENTIFIER = "com.github.LeetHub-v2.Extension";
				PRODUCT_NAME = "LeetHub v2 Extension";
				SDKROOT = iphoneos;
				SKIP_INSTALL = YES;
				SWIFT_EMIT_LOC_STRINGS = YES;
				SWIFT_VERSION = 5.0;
				TARGETED_DEVICE_FAMILY = "1,2";
				VALIDATE_PRODUCT = YES;
			};
			name = Release;
		};
		372347A82A56AA67002BE596 /* Debug */ = {
			isa = XCBuildConfiguration;
			buildSettings = {
				ALWAYS_EMBED_SWIFT_STANDARD_LIBRARIES = YES;
				ASSETCATALOG_COMPILER_APPICON_NAME = AppIcon;
				ASSETCATALOG_COMPILER_GLOBAL_ACCENT_COLOR_NAME = AccentColor;
				CODE_SIGN_STYLE = Automatic;
				CURRENT_PROJECT_VERSION = 1;
				GENERATE_INFOPLIST_FILE = YES;
				INFOPLIST_FILE = "iOS (App)/Info.plist";
				INFOPLIST_KEY_CFBundleDisplayName = "LeetHub v2";
				INFOPLIST_KEY_UIApplicationSupportsIndirectInputEvents = YES;
				INFOPLIST_KEY_UILaunchStoryboardName = LaunchScreen;
				INFOPLIST_KEY_UIMainStoryboardFile = Main;
				INFOPLIST_KEY_UISupportedInterfaceOrientations = "UIInterfaceOrientationPortrait UIInterfaceOrientationLandscapeLeft UIInterfaceOrientationLandscapeRight";
				INFOPLIST_KEY_UISupportedInterfaceOrientations_iPad = "UIInterfaceOrientationPortrait UIInterfaceOrientationPortraitUpsideDown UIInterfaceOrientationLandscapeLeft UIInterfaceOrientationLandscapeRight";
				IPHONEOS_DEPLOYMENT_TARGET = 15.0;
				LD_RUNPATH_SEARCH_PATHS = (
					"$(inherited)",
					"@executable_path/Frameworks",
				);
				MARKETING_VERSION = 1.0;
				OTHER_LDFLAGS = (
					"-framework",
					SafariServices,
					"-framework",
					WebKit,
				);
				PRODUCT_BUNDLE_IDENTIFIER = "com.github.LeetHub-v2";
				PRODUCT_NAME = "LeetHub v2";
				SDKROOT = iphoneos;
				SWIFT_EMIT_LOC_STRINGS = YES;
				SWIFT_VERSION = 5.0;
				TARGETED_DEVICE_FAMILY = "1,2";
			};
			name = Debug;
		};
		372347A92A56AA67002BE596 /* Release */ = {
			isa = XCBuildConfiguration;
			buildSettings = {
				ALWAYS_EMBED_SWIFT_STANDARD_LIBRARIES = YES;
				ASSETCATALOG_COMPILER_APPICON_NAME = AppIcon;
				ASSETCATALOG_COMPILER_GLOBAL_ACCENT_COLOR_NAME = AccentColor;
				CODE_SIGN_STYLE = Automatic;
				CURRENT_PROJECT_VERSION = 1;
				GENERATE_INFOPLIST_FILE = YES;
				INFOPLIST_FILE = "iOS (App)/Info.plist";
				INFOPLIST_KEY_CFBundleDisplayName = "LeetHub v2";
				INFOPLIST_KEY_UIApplicationSupportsIndirectInputEvents = YES;
				INFOPLIST_KEY_UILaunchStoryboardName = LaunchScreen;
				INFOPLIST_KEY_UIMainStoryboardFile = Main;
				INFOPLIST_KEY_UISupportedInterfaceOrientations = "UIInterfaceOrientationPortrait UIInterfaceOrientationLandscapeLeft UIInterfaceOrientationLandscapeRight";
				INFOPLIST_KEY_UISupportedInterfaceOrientations_iPad = "UIInterfaceOrientationPortrait UIInterfaceOrientationPortraitUpsideDown UIInterfaceOrientationLandscapeLeft UIInterfaceOrientationLandscapeRight";
				IPHONEOS_DEPLOYMENT_TARGET = 15.0;
				LD_RUNPATH_SEARCH_PATHS = (
					"$(inherited)",
					"@executable_path/Frameworks",
				);
				MARKETING_VERSION = 1.0;
				OTHER_LDFLAGS = (
					"-framework",
					SafariServices,
					"-framework",
					WebKit,
				);
				PRODUCT_BUNDLE_IDENTIFIER = "com.github.LeetHub-v2";
				PRODUCT_NAME = "LeetHub v2";
				SDKROOT = iphoneos;
				SWIFT_EMIT_LOC_STRINGS = YES;
				SWIFT_VERSION = 5.0;
				TARGETED_DEVICE_FAMILY = "1,2";
				VALIDATE_PRODUCT = YES;
			};
			name = Release;
		};
		372347AB2A56AA67002BE596 /* Debug */ = {
			isa = XCBuildConfiguration;
			buildSettings = {
				CODE_SIGN_ENTITLEMENTS = "macOS (Extension)/LeetHub v2.entitlements";
				CODE_SIGN_STYLE = Automatic;
				CURRENT_PROJECT_VERSION = 1;
				ENABLE_HARDENED_RUNTIME = YES;
				GENERATE_INFOPLIST_FILE = YES;
				INFOPLIST_FILE = "macOS (Extension)/Info.plist";
				INFOPLIST_KEY_CFBundleDisplayName = "LeetHub v2 Extension";
				INFOPLIST_KEY_NSHumanReadableCopyright = "";
				LD_RUNPATH_SEARCH_PATHS = (
					"$(inherited)",
					"@executable_path/../Frameworks",
					"@executable_path/../../../../Frameworks",
				);
				MACOSX_DEPLOYMENT_TARGET = 10.14;
				MARKETING_VERSION = 1.0;
				OTHER_LDFLAGS = (
					"-framework",
					SafariServices,
				);
				PRODUCT_BUNDLE_IDENTIFIER = "com.github.LeetHub-v2.Extension";
				PRODUCT_NAME = "LeetHub v2 Extension";
				SDKROOT = macosx;
				SKIP_INSTALL = YES;
				SWIFT_EMIT_LOC_STRINGS = YES;
				SWIFT_VERSION = 5.0;
			};
			name = Debug;
		};
		372347AC2A56AA67002BE596 /* Release */ = {
			isa = XCBuildConfiguration;
			buildSettings = {
				CODE_SIGN_ENTITLEMENTS = "macOS (Extension)/LeetHub v2.entitlements";
				CODE_SIGN_STYLE = Automatic;
				CURRENT_PROJECT_VERSION = 1;
				ENABLE_HARDENED_RUNTIME = YES;
				GENERATE_INFOPLIST_FILE = YES;
				INFOPLIST_FILE = "macOS (Extension)/Info.plist";
				INFOPLIST_KEY_CFBundleDisplayName = "LeetHub v2 Extension";
				INFOPLIST_KEY_NSHumanReadableCopyright = "";
				LD_RUNPATH_SEARCH_PATHS = (
					"$(inherited)",
					"@executable_path/../Frameworks",
					"@executable_path/../../../../Frameworks",
				);
				MACOSX_DEPLOYMENT_TARGET = 10.14;
				MARKETING_VERSION = 1.0;
				OTHER_LDFLAGS = (
					"-framework",
					SafariServices,
				);
				PRODUCT_BUNDLE_IDENTIFIER = "com.github.LeetHub-v2.Extension";
				PRODUCT_NAME = "LeetHub v2 Extension";
				SDKROOT = macosx;
				SKIP_INSTALL = YES;
				SWIFT_EMIT_LOC_STRINGS = YES;
				SWIFT_VERSION = 5.0;
			};
			name = Release;
		};
		372347AF2A56AA67002BE596 /* Debug */ = {
			isa = XCBuildConfiguration;
			buildSettings = {
				ALWAYS_EMBED_SWIFT_STANDARD_LIBRARIES = YES;
				ASSETCATALOG_COMPILER_APPICON_NAME = AppIcon;
				ASSETCATALOG_COMPILER_GLOBAL_ACCENT_COLOR_NAME = AccentColor;
				CODE_SIGN_ENTITLEMENTS = "macOS (App)/LeetHub v2.entitlements";
				CODE_SIGN_STYLE = Automatic;
				CURRENT_PROJECT_VERSION = 1;
				ENABLE_HARDENED_RUNTIME = YES;
				GENERATE_INFOPLIST_FILE = YES;
				INFOPLIST_FILE = "macOS (App)/Info.plist";
				INFOPLIST_KEY_CFBundleDisplayName = "LeetHub v2";
				INFOPLIST_KEY_NSMainStoryboardFile = Main;
				INFOPLIST_KEY_NSPrincipalClass = NSApplication;
				LD_RUNPATH_SEARCH_PATHS = (
					"$(inherited)",
					"@executable_path/../Frameworks",
				);
				MACOSX_DEPLOYMENT_TARGET = 10.14;
				MARKETING_VERSION = 1.0;
				OTHER_LDFLAGS = (
					"-framework",
					SafariServices,
					"-framework",
					WebKit,
				);
				PRODUCT_BUNDLE_IDENTIFIER = "com.github.LeetHub-v2";
				PRODUCT_NAME = "LeetHub v2";
				SDKROOT = macosx;
				SWIFT_EMIT_LOC_STRINGS = YES;
				SWIFT_VERSION = 5.0;
			};
			name = Debug;
		};
		372347B02A56AA67002BE596 /* Release */ = {
			isa = XCBuildConfiguration;
			buildSettings = {
				ALWAYS_EMBED_SWIFT_STANDARD_LIBRARIES = YES;
				ASSETCATALOG_COMPILER_APPICON_NAME = AppIcon;
				ASSETCATALOG_COMPILER_GLOBAL_ACCENT_COLOR_NAME = AccentColor;
				CODE_SIGN_ENTITLEMENTS = "macOS (App)/LeetHub v2.entitlements";
				CODE_SIGN_STYLE = Automatic;
				CURRENT_PROJECT_VERSION = 1;
				ENABLE_HARDENED_RUNTIME = YES;
				GENERATE_INFOPLIST_FILE = YES;
				INFOPLIST_FILE = "macOS (App)/Info.plist";
				INFOPLIST_KEY_CFBundleDisplayName = "LeetHub v2";
				INFOPLIST_KEY_NSMainStoryboardFile = Main;
				INFOPLIST_KEY_NSPrincipalClass = NSApplication;
				LD_RUNPATH_SEARCH_PATHS = (
					"$(inherited)",
					"@executable_path/../Frameworks",
				);
				MACOSX_DEPLOYMENT_TARGET = 10.14;
				MARKETING_VERSION = 1.0;
				OTHER_LDFLAGS = (
					"-framework",
					SafariServices,
					"-framework",
					WebKit,
				);
				PRODUCT_BUNDLE_IDENTIFIER = "com.github.LeetHub-v2";
				PRODUCT_NAME = "LeetHub v2";
				SDKROOT = macosx;
				SWIFT_EMIT_LOC_STRINGS = YES;
				SWIFT_VERSION = 5.0;
			};
			name = Release;
		};
/* End XCBuildConfiguration section */

/* Begin XCConfigurationList section */
		372347532A56AA66002BE596 /* Build configuration list for PBXProject "LeetHub v2" */ = {
			isa = XCConfigurationList;
			buildConfigurations = (
				372347A12A56AA67002BE596 /* Debug */,
				372347A22A56AA67002BE596 /* Release */,
			);
			defaultConfigurationIsVisible = 0;
			defaultConfigurationName = Release;
		};
		372347A32A56AA67002BE596 /* Build configuration list for PBXNativeTarget "LeetHub v2 Extension (iOS)" */ = {
			isa = XCConfigurationList;
			buildConfigurations = (
				372347A42A56AA67002BE596 /* Debug */,
				372347A52A56AA67002BE596 /* Release */,
			);
			defaultConfigurationIsVisible = 0;
			defaultConfigurationName = Release;
		};
		372347A72A56AA67002BE596 /* Build configuration list for PBXNativeTarget "LeetHub v2 (iOS)" */ = {
			isa = XCConfigurationList;
			buildConfigurations = (
				372347A82A56AA67002BE596 /* Debug */,
				372347A92A56AA67002BE596 /* Release */,
			);
			defaultConfigurationIsVisible = 0;
			defaultConfigurationName = Release;
		};
		372347AA2A56AA67002BE596 /* Build configuration list for PBXNativeTarget "LeetHub v2 Extension (macOS)" */ = {
			isa = XCConfigurationList;
			buildConfigurations = (
				372347AB2A56AA67002BE596 /* Debug */,
				372347AC2A56AA67002BE596 /* Release */,
			);
			defaultConfigurationIsVisible = 0;
			defaultConfigurationName = Release;
		};
		372347AE2A56AA67002BE596 /* Build configuration list for PBXNativeTarget "LeetHub v2 (macOS)" */ = {
			isa = XCConfigurationList;
			buildConfigurations = (
				372347AF2A56AA67002BE596 /* Debug */,
				372347B02A56AA67002BE596 /* Release */,
			);
			defaultConfigurationIsVisible = 0;
			defaultConfigurationName = Release;
		};
/* End XCConfigurationList section */
	};
	rootObject = 372347502A56AA66002BE596 /* Project object */;
}
