// !$*UTF8*$!
{
	archiveVersion = 1;
	classes = {
	};
	objectVersion = 56;
	objects = {

/* Begin PBXBuildFile section */
		37EA95E42A612101008C32BE /* AppDelegate.swift in Sources */ = {isa = PBXBuildFile; fileRef = 37EA95E32A612101008C32BE /* AppDelegate.swift */; };
		37EA95E62A612101008C32BE /* SceneDelegate.swift in Sources */ = {isa = PBXBuildFile; fileRef = 37EA95E52A612101008C32BE /* SceneDelegate.swift */; };
		37EA95E92A612101008C32BE /* LaunchScreen.storyboard in Resources */ = {isa = PBXBuildFile; fileRef = 37EA95E72A612101008C32BE /* LaunchScreen.storyboard */; };
		37EA95EC2A612101008C32BE /* Main.storyboard in Resources */ = {isa = PBXBuildFile; fileRef = 37EA95EA2A612101008C32BE /* Main.storyboard */; };
		37EA95F52A612101008C32BE /* AppDelegate.swift in Sources */ = {isa = PBXBuildFile; fileRef = 37EA95F42A612101008C32BE /* AppDelegate.swift */; };
		37EA95F82A612101008C32BE /* Main.storyboard in Resources */ = {isa = PBXBuildFile; fileRef = 37EA95F62A612101008C32BE /* Main.storyboard */; };
		37EA96002A612101008C32BE /* LeetHub v2 Extension.appex in Embed Foundation Extensions */ = {isa = PBXBuildFile; fileRef = 37EA95FF2A612101008C32BE /* LeetHub v2 Extension.appex */; settings = {ATTRIBUTES = (RemoveHeadersOnCopy, ); }; };
		37EA960A2A612101008C32BE /* LeetHub v2 Extension.appex in Embed Foundation Extensions */ = {isa = PBXBuildFile; fileRef = 37EA96092A612101008C32BE /* LeetHub v2 Extension.appex */; settings = {ATTRIBUTES = (RemoveHeadersOnCopy, ); }; };
		37EA96102A612101008C32BE /* Main.html in Resources */ = {isa = PBXBuildFile; fileRef = 37EA95D32A612100008C32BE /* Main.html */; };
		37EA96112A612101008C32BE /* Main.html in Resources */ = {isa = PBXBuildFile; fileRef = 37EA95D32A612100008C32BE /* Main.html */; };
		37EA96122A612101008C32BE /* Icon.png in Resources */ = {isa = PBXBuildFile; fileRef = 37EA95D52A612100008C32BE /* Icon.png */; };
		37EA96132A612101008C32BE /* Icon.png in Resources */ = {isa = PBXBuildFile; fileRef = 37EA95D52A612100008C32BE /* Icon.png */; };
		37EA96142A612101008C32BE /* Style.css in Resources */ = {isa = PBXBuildFile; fileRef = 37EA95D62A612100008C32BE /* Style.css */; };
		37EA96152A612101008C32BE /* Style.css in Resources */ = {isa = PBXBuildFile; fileRef = 37EA95D62A612100008C32BE /* Style.css */; };
		37EA96162A612101008C32BE /* Script.js in Resources */ = {isa = PBXBuildFile; fileRef = 37EA95D72A612100008C32BE /* Script.js */; };
		37EA96172A612101008C32BE /* Script.js in Resources */ = {isa = PBXBuildFile; fileRef = 37EA95D72A612100008C32BE /* Script.js */; };
		37EA96182A612101008C32BE /* ViewController.swift in Sources */ = {isa = PBXBuildFile; fileRef = 37EA95D82A612100008C32BE /* ViewController.swift */; };
		37EA96192A612101008C32BE /* ViewController.swift in Sources */ = {isa = PBXBuildFile; fileRef = 37EA95D82A612100008C32BE /* ViewController.swift */; };
		37EA961A2A612101008C32BE /* Assets.xcassets in Resources */ = {isa = PBXBuildFile; fileRef = 37EA95D92A612101008C32BE /* Assets.xcassets */; };
		37EA961B2A612101008C32BE /* Assets.xcassets in Resources */ = {isa = PBXBuildFile; fileRef = 37EA95D92A612101008C32BE /* Assets.xcassets */; };
		37EA961C2A612101008C32BE /* SafariWebExtensionHandler.swift in Sources */ = {isa = PBXBuildFile; fileRef = 37EA95DB2A612101008C32BE /* SafariWebExtensionHandler.swift */; };
		37EA961D2A612101008C32BE /* SafariWebExtensionHandler.swift in Sources */ = {isa = PBXBuildFile; fileRef = 37EA95DB2A612101008C32BE /* SafariWebExtensionHandler.swift */; };
		37EA963A2A612101008C32BE /* popup.js in Resources */ = {isa = PBXBuildFile; fileRef = 37EA962F2A612101008C32BE /* popup.js */; };
		37EA963B2A612101008C32BE /* LICENSE in Resources */ = {isa = PBXBuildFile; fileRef = 37EA96302A612101008C32BE /* LICENSE */; };
		37EA963C2A612101008C32BE /* css in Resources */ = {isa = PBXBuildFile; fileRef = 37EA96312A612101008C32BE /* css */; };
		37EA963D2A612101008C32BE /* popup.html in Resources */ = {isa = PBXBuildFile; fileRef = 37EA96322A612101008C32BE /* popup.html */; };
		37EA963E2A612101008C32BE /* README.md in Resources */ = {isa = PBXBuildFile; fileRef = 37EA96332A612101008C32BE /* README.md */; };
		37EA963F2A612101008C32BE /* package-lock.json in Resources */ = {isa = PBXBuildFile; fileRef = 37EA96342A612101008C32BE /* package-lock.json */; };
		37EA96402A612101008C32BE /* package.json in Resources */ = {isa = PBXBuildFile; fileRef = 37EA96352A612101008C32BE /* package.json */; };
		37EA96412A612101008C32BE /* scripts in Resources */ = {isa = PBXBuildFile; fileRef = 37EA96362A612101008C32BE /* scripts */; };
		37EA96422A612101008C32BE /* welcome.html in Resources */ = {isa = PBXBuildFile; fileRef = 37EA96372A612101008C32BE /* welcome.html */; };
		37EA96432A612101008C32BE /* manifest.json in Resources */ = {isa = PBXBuildFile; fileRef = 37EA96382A612101008C32BE /* manifest.json */; };
		37EA96442A612101008C32BE /* assets in Resources */ = {isa = PBXBuildFile; fileRef = 37EA96392A612101008C32BE /* assets */; };
		37EA96452A612101008C32BE /* popup.js in Resources */ = {isa = PBXBuildFile; fileRef = 37EA962F2A612101008C32BE /* popup.js */; };
		37EA96462A612101008C32BE /* LICENSE in Resources */ = {isa = PBXBuildFile; fileRef = 37EA96302A612101008C32BE /* LICENSE */; };
		37EA96472A612101008C32BE /* css in Resources */ = {isa = PBXBuildFile; fileRef = 37EA96312A612101008C32BE /* css */; };
		37EA96482A612101008C32BE /* popup.html in Resources */ = {isa = PBXBuildFile; fileRef = 37EA96322A612101008C32BE /* popup.html */; };
		37EA96492A612101008C32BE /* README.md in Resources */ = {isa = PBXBuildFile; fileRef = 37EA96332A612101008C32BE /* README.md */; };
		37EA964A2A612101008C32BE /* package-lock.json in Resources */ = {isa = PBXBuildFile; fileRef = 37EA96342A612101008C32BE /* package-lock.json */; };
		37EA964B2A612101008C32BE /* package.json in Resources */ = {isa = PBXBuildFile; fileRef = 37EA96352A612101008C32BE /* package.json */; };
		37EA964C2A612101008C32BE /* scripts in Resources */ = {isa = PBXBuildFile; fileRef = 37EA96362A612101008C32BE /* scripts */; };
		37EA964D2A612101008C32BE /* welcome.html in Resources */ = {isa = PBXBuildFile; fileRef = 37EA96372A612101008C32BE /* welcome.html */; };
		37EA964E2A612101008C32BE /* manifest.json in Resources */ = {isa = PBXBuildFile; fileRef = 37EA96382A612101008C32BE /* manifest.json */; };
		37EA964F2A612101008C32BE /* assets in Resources */ = {isa = PBXBuildFile; fileRef = 37EA96392A612101008C32BE /* assets */; };
/* End PBXBuildFile section */

/* Begin PBXContainerItemProxy section */
		37EA96012A612101008C32BE /* PBXContainerItemProxy */ = {
			isa = PBXContainerItemProxy;
			containerPortal = 37EA95CD2A612100008C32BE /* Project object */;
			proxyType = 1;
			remoteGlobalIDString = 37EA95FE2A612101008C32BE;
			remoteInfo = "LeetHub v2 Extension (iOS)";
		};
		37EA960B2A612101008C32BE /* PBXContainerItemProxy */ = {
			isa = PBXContainerItemProxy;
			containerPortal = 37EA95CD2A612100008C32BE /* Project object */;
			proxyType = 1;
			remoteGlobalIDString = 37EA96082A612101008C32BE;
			remoteInfo = "LeetHub v2 Extension (macOS)";
		};
/* End PBXContainerItemProxy section */

/* Begin PBXCopyFilesBuildPhase section */
		37EA96232A612101008C32BE /* Embed Foundation Extensions */ = {
			isa = PBXCopyFilesBuildPhase;
			buildActionMask = 2147483647;
			dstPath = "";
			dstSubfolderSpec = 13;
			files = (
				37EA96002A612101008C32BE /* LeetHub v2 Extension.appex in Embed Foundation Extensions */,
			);
			name = "Embed Foundation Extensions";
			runOnlyForDeploymentPostprocessing = 0;
		};
		37EA962A2A612101008C32BE /* Embed Foundation Extensions */ = {
			isa = PBXCopyFilesBuildPhase;
			buildActionMask = 2147483647;
			dstPath = "";
			dstSubfolderSpec = 13;
			files = (
				37EA960A2A612101008C32BE /* LeetHub v2 Extension.appex in Embed Foundation Extensions */,
			);
			name = "Embed Foundation Extensions";
			runOnlyForDeploymentPostprocessing = 0;
		};
/* End PBXCopyFilesBuildPhase section */

/* Begin PBXFileReference section */
		37EA95D42A612100008C32BE /* Base */ = {isa = PBXFileReference; lastKnownFileType = text.html; name = Base; path = ../Base.lproj/Main.html; sourceTree = "<group>"; };
		37EA95D52A612100008C32BE /* Icon.png */ = {isa = PBXFileReference; lastKnownFileType = image.png; path = Icon.png; sourceTree = "<group>"; };
		37EA95D62A612100008C32BE /* Style.css */ = {isa = PBXFileReference; lastKnownFileType = text.css; path = Style.css; sourceTree = "<group>"; };
		37EA95D72A612100008C32BE /* Script.js */ = {isa = PBXFileReference; lastKnownFileType = sourcecode.javascript; path = Script.js; sourceTree = "<group>"; };
		37EA95D82A612100008C32BE /* ViewController.swift */ = {isa = PBXFileReference; lastKnownFileType = sourcecode.swift; path = ViewController.swift; sourceTree = "<group>"; };
		37EA95D92A612101008C32BE /* Assets.xcassets */ = {isa = PBXFileReference; lastKnownFileType = folder.assetcatalog; path = Assets.xcassets; sourceTree = "<group>"; };
		37EA95DB2A612101008C32BE /* SafariWebExtensionHandler.swift */ = {isa = PBXFileReference; lastKnownFileType = sourcecode.swift; path = SafariWebExtensionHandler.swift; sourceTree = "<group>"; };
		37EA95E02A612101008C32BE /* LeetHub v2.app */ = {isa = PBXFileReference; explicitFileType = wrapper.application; includeInIndex = 0; path = "LeetHub v2.app"; sourceTree = BUILT_PRODUCTS_DIR; };
		37EA95E32A612101008C32BE /* AppDelegate.swift */ = {isa = PBXFileReference; lastKnownFileType = sourcecode.swift; path = AppDelegate.swift; sourceTree = "<group>"; };
		37EA95E52A612101008C32BE /* SceneDelegate.swift */ = {isa = PBXFileReference; lastKnownFileType = sourcecode.swift; path = SceneDelegate.swift; sourceTree = "<group>"; };
		37EA95E82A612101008C32BE /* Base */ = {isa = PBXFileReference; lastKnownFileType = file.storyboard; name = Base; path = Base.lproj/LaunchScreen.storyboard; sourceTree = "<group>"; };
		37EA95EB2A612101008C32BE /* Base */ = {isa = PBXFileReference; lastKnownFileType = file.storyboard; name = Base; path = Base.lproj/Main.storyboard; sourceTree = "<group>"; };
		37EA95ED2A612101008C32BE /* Info.plist */ = {isa = PBXFileReference; lastKnownFileType = text.plist.xml; path = Info.plist; sourceTree = "<group>"; };
		37EA95F22A612101008C32BE /* LeetHub v2.app */ = {isa = PBXFileReference; explicitFileType = wrapper.application; includeInIndex = 0; path = "LeetHub v2.app"; sourceTree = BUILT_PRODUCTS_DIR; };
		37EA95F42A612101008C32BE /* AppDelegate.swift */ = {isa = PBXFileReference; lastKnownFileType = sourcecode.swift; path = AppDelegate.swift; sourceTree = "<group>"; };
		37EA95F72A612101008C32BE /* Base */ = {isa = PBXFileReference; lastKnownFileType = file.storyboard; name = Base; path = Base.lproj/Main.storyboard; sourceTree = "<group>"; };
		37EA95F92A612101008C32BE /* Info.plist */ = {isa = PBXFileReference; lastKnownFileType = text.plist.xml; path = Info.plist; sourceTree = "<group>"; };
		37EA95FA2A612101008C32BE /* LeetHub v2.entitlements */ = {isa = PBXFileReference; lastKnownFileType = text.plist.entitlements; path = "LeetHub v2.entitlements"; sourceTree = "<group>"; };
		37EA95FF2A612101008C32BE /* LeetHub v2 Extension.appex */ = {isa = PBXFileReference; explicitFileType = "wrapper.app-extension"; includeInIndex = 0; path = "LeetHub v2 Extension.appex"; sourceTree = BUILT_PRODUCTS_DIR; };
		37EA96042A612101008C32BE /* Info.plist */ = {isa = PBXFileReference; lastKnownFileType = text.plist.xml; path = Info.plist; sourceTree = "<group>"; };
		37EA96092A612101008C32BE /* LeetHub v2 Extension.appex */ = {isa = PBXFileReference; explicitFileType = "wrapper.app-extension"; includeInIndex = 0; path = "LeetHub v2 Extension.appex"; sourceTree = BUILT_PRODUCTS_DIR; };
		37EA960E2A612101008C32BE /* Info.plist */ = {isa = PBXFileReference; lastKnownFileType = text.plist.xml; path = Info.plist; sourceTree = "<group>"; };
		37EA960F2A612101008C32BE /* LeetHub v2.entitlements */ = {isa = PBXFileReference; lastKnownFileType = text.plist.entitlements; path = "LeetHub v2.entitlements"; sourceTree = "<group>"; };
		37EA962F2A612101008C32BE /* popup.js */ = {isa = PBXFileReference; lastKnownFileType = sourcecode.javascript; name = popup.js; path = "../../LeetHub-2.0/popup.js"; sourceTree = "<group>"; };
		37EA96302A612101008C32BE /* LICENSE */ = {isa = PBXFileReference; lastKnownFileType = text; name = LICENSE; path = "../../LeetHub-2.0/LICENSE"; sourceTree = "<group>"; };
		37EA96312A612101008C32BE /* css */ = {isa = PBXFileReference; lastKnownFileType = folder; name = css; path = "../../LeetHub-2.0/css"; sourceTree = "<group>"; };
		37EA96322A612101008C32BE /* popup.html */ = {isa = PBXFileReference; lastKnownFileType = text.html; name = popup.html; path = "../../LeetHub-2.0/popup.html"; sourceTree = "<group>"; };
		37EA96332A612101008C32BE /* README.md */ = {isa = PBXFileReference; lastKnownFileType = net.daringfireball.markdown; name = README.md; path = "../../LeetHub-2.0/README.md"; sourceTree = "<group>"; };
		37EA96342A612101008C32BE /* package-lock.json */ = {isa = PBXFileReference; lastKnownFileType = text.json; name = "package-lock.json"; path = "../../LeetHub-2.0/package-lock.json"; sourceTree = "<group>"; };
		37EA96352A612101008C32BE /* package.json */ = {isa = PBXFileReference; lastKnownFileType = text.json; name = package.json; path = "../../LeetHub-2.0/package.json"; sourceTree = "<group>"; };
		37EA96362A612101008C32BE /* scripts */ = {isa = PBXFileReference; lastKnownFileType = folder; name = scripts; path = "../../LeetHub-2.0/scripts"; sourceTree = "<group>"; };
		37EA96372A612101008C32BE /* welcome.html */ = {isa = PBXFileReference; lastKnownFileType = text.html; name = welcome.html; path = "../../LeetHub-2.0/welcome.html"; sourceTree = "<group>"; };
		37EA96382A612101008C32BE /* manifest.json */ = {isa = PBXFileReference; lastKnownFileType = text.json; name = manifest.json; path = "../../LeetHub-2.0/manifest.json"; sourceTree = "<group>"; };
		37EA96392A612101008C32BE /* assets */ = {isa = PBXFileReference; lastKnownFileType = folder; name = assets; path = "../../LeetHub-2.0/assets"; sourceTree = "<group>"; };
/* End PBXFileReference section */

/* Begin PBXFrameworksBuildPhase section */
		37EA95DD2A612101008C32BE /* Frameworks */ = {
			isa = PBXFrameworksBuildPhase;
			buildActionMask = 2147483647;
			files = (
			);
			runOnlyForDeploymentPostprocessing = 0;
		};
		37EA95EF2A612101008C32BE /* Frameworks */ = {
			isa = PBXFrameworksBuildPhase;
			buildActionMask = 2147483647;
			files = (
			);
			runOnlyForDeploymentPostprocessing = 0;
		};
		37EA95FC2A612101008C32BE /* Frameworks */ = {
			isa = PBXFrameworksBuildPhase;
			buildActionMask = 2147483647;
			files = (
			);
			runOnlyForDeploymentPostprocessing = 0;
		};
		37EA96062A612101008C32BE /* Frameworks */ = {
			isa = PBXFrameworksBuildPhase;
			buildActionMask = 2147483647;
			files = (
			);
			runOnlyForDeploymentPostprocessing = 0;
		};
/* End PBXFrameworksBuildPhase section */

/* Begin PBXGroup section */
		37EA95CC2A612100008C32BE = {
			isa = PBXGroup;
			children = (
				37EA95D12A612100008C32BE /* Shared (App) */,
				37EA95DA2A612101008C32BE /* Shared (Extension) */,
				37EA95E22A612101008C32BE /* iOS (App) */,
				37EA95F32A612101008C32BE /* macOS (App) */,
				37EA96032A612101008C32BE /* iOS (Extension) */,
				37EA960D2A612101008C32BE /* macOS (Extension) */,
				37EA95E12A612101008C32BE /* Products */,
			);
			sourceTree = "<group>";
		};
		37EA95D12A612100008C32BE /* Shared (App) */ = {
			isa = PBXGroup;
			children = (
				37EA95D82A612100008C32BE /* ViewController.swift */,
				37EA95D92A612101008C32BE /* Assets.xcassets */,
				37EA95D22A612100008C32BE /* Resources */,
			);
			path = "Shared (App)";
			sourceTree = "<group>";
		};
		37EA95D22A612100008C32BE /* Resources */ = {
			isa = PBXGroup;
			children = (
				37EA95D32A612100008C32BE /* Main.html */,
				37EA95D52A612100008C32BE /* Icon.png */,
				37EA95D62A612100008C32BE /* Style.css */,
				37EA95D72A612100008C32BE /* Script.js */,
			);
			path = Resources;
			sourceTree = "<group>";
		};
		37EA95DA2A612101008C32BE /* Shared (Extension) */ = {
			isa = PBXGroup;
			children = (
				37EA962E2A612101008C32BE /* Resources */,
				37EA95DB2A612101008C32BE /* SafariWebExtensionHandler.swift */,
			);
			path = "Shared (Extension)";
			sourceTree = "<group>";
		};
		37EA95E12A612101008C32BE /* Products */ = {
			isa = PBXGroup;
			children = (
				37EA95E02A612101008C32BE /* LeetHub v2.app */,
				37EA95F22A612101008C32BE /* LeetHub v2.app */,
				37EA95FF2A612101008C32BE /* LeetHub v2 Extension.appex */,
				37EA96092A612101008C32BE /* LeetHub v2 Extension.appex */,
			);
			name = Products;
			sourceTree = "<group>";
		};
		37EA95E22A612101008C32BE /* iOS (App) */ = {
			isa = PBXGroup;
			children = (
				37EA95E32A612101008C32BE /* AppDelegate.swift */,
				37EA95E52A612101008C32BE /* SceneDelegate.swift */,
				37EA95E72A612101008C32BE /* LaunchScreen.storyboard */,
				37EA95EA2A612101008C32BE /* Main.storyboard */,
				37EA95ED2A612101008C32BE /* Info.plist */,
			);
			path = "iOS (App)";
			sourceTree = "<group>";
		};
		37EA95F32A612101008C32BE /* macOS (App) */ = {
			isa = PBXGroup;
			children = (
				37EA95F42A612101008C32BE /* AppDelegate.swift */,
				37EA95F62A612101008C32BE /* Main.storyboard */,
				37EA95F92A612101008C32BE /* Info.plist */,
				37EA95FA2A612101008C32BE /* LeetHub v2.entitlements */,
			);
			path = "macOS (App)";
			sourceTree = "<group>";
		};
		37EA96032A612101008C32BE /* iOS (Extension) */ = {
			isa = PBXGroup;
			children = (
				37EA96042A612101008C32BE /* Info.plist */,
			);
			path = "iOS (Extension)";
			sourceTree = "<group>";
		};
		37EA960D2A612101008C32BE /* macOS (Extension) */ = {
			isa = PBXGroup;
			children = (
				37EA960E2A612101008C32BE /* Info.plist */,
				37EA960F2A612101008C32BE /* LeetHub v2.entitlements */,
			);
			path = "macOS (Extension)";
			sourceTree = "<group>";
		};
		37EA962E2A612101008C32BE /* Resources */ = {
			isa = PBXGroup;
			children = (
				37EA962F2A612101008C32BE /* popup.js */,
				37EA96302A612101008C32BE /* LICENSE */,
				37EA96312A612101008C32BE /* css */,
				37EA96322A612101008C32BE /* popup.html */,
				37EA96332A612101008C32BE /* README.md */,
				37EA96342A612101008C32BE /* package-lock.json */,
				37EA96352A612101008C32BE /* package.json */,
				37EA96362A612101008C32BE /* scripts */,
				37EA96372A612101008C32BE /* welcome.html */,
				37EA96382A612101008C32BE /* manifest.json */,
				37EA96392A612101008C32BE /* assets */,
			);
			name = Resources;
			path = "Shared (Extension)";
			sourceTree = SOURCE_ROOT;
		};
/* End PBXGroup section */

/* Begin PBXNativeTarget section */
		37EA95DF2A612101008C32BE /* LeetHub v2 (iOS) */ = {
			isa = PBXNativeTarget;
			buildConfigurationList = 37EA96242A612101008C32BE /* Build configuration list for PBXNativeTarget "LeetHub v2 (iOS)" */;
			buildPhases = (
				37EA95DC2A612101008C32BE /* Sources */,
				37EA95DD2A612101008C32BE /* Frameworks */,
				37EA95DE2A612101008C32BE /* Resources */,
				37EA96232A612101008C32BE /* Embed Foundation Extensions */,
			);
			buildRules = (
			);
			dependencies = (
				37EA96022A612101008C32BE /* PBXTargetDependency */,
			);
			name = "LeetHub v2 (iOS)";
			productName = "LeetHub v2 (iOS)";
			productReference = 37EA95E02A612101008C32BE /* LeetHub v2.app */;
			productType = "com.apple.product-type.application";
		};
		37EA95F12A612101008C32BE /* LeetHub v2 (macOS) */ = {
			isa = PBXNativeTarget;
			buildConfigurationList = 37EA962B2A612101008C32BE /* Build configuration list for PBXNativeTarget "LeetHub v2 (macOS)" */;
			buildPhases = (
				37EA95EE2A612101008C32BE /* Sources */,
				37EA95EF2A612101008C32BE /* Frameworks */,
				37EA95F02A612101008C32BE /* Resources */,
				37EA962A2A612101008C32BE /* Embed Foundation Extensions */,
			);
			buildRules = (
			);
			dependencies = (
				37EA960C2A612101008C32BE /* PBXTargetDependency */,
			);
			name = "LeetHub v2 (macOS)";
			productName = "LeetHub v2 (macOS)";
			productReference = 37EA95F22A612101008C32BE /* LeetHub v2.app */;
			productType = "com.apple.product-type.application";
		};
		37EA95FE2A612101008C32BE /* LeetHub v2 Extension (iOS) */ = {
			isa = PBXNativeTarget;
			buildConfigurationList = 37EA96202A612101008C32BE /* Build configuration list for PBXNativeTarget "LeetHub v2 Extension (iOS)" */;
			buildPhases = (
				37EA95FB2A612101008C32BE /* Sources */,
				37EA95FC2A612101008C32BE /* Frameworks */,
				37EA95FD2A612101008C32BE /* Resources */,
			);
			buildRules = (
			);
			dependencies = (
			);
			name = "LeetHub v2 Extension (iOS)";
			productName = "LeetHub v2 Extension (iOS)";
			productReference = 37EA95FF2A612101008C32BE /* LeetHub v2 Extension.appex */;
			productType = "com.apple.product-type.app-extension";
		};
		37EA96082A612101008C32BE /* LeetHub v2 Extension (macOS) */ = {
			isa = PBXNativeTarget;
			buildConfigurationList = 37EA96272A612101008C32BE /* Build configuration list for PBXNativeTarget "LeetHub v2 Extension (macOS)" */;
			buildPhases = (
				37EA96052A612101008C32BE /* Sources */,
				37EA96062A612101008C32BE /* Frameworks */,
				37EA96072A612101008C32BE /* Resources */,
			);
			buildRules = (
			);
			dependencies = (
			);
			name = "LeetHub v2 Extension (macOS)";
			productName = "LeetHub v2 Extension (macOS)";
			productReference = 37EA96092A612101008C32BE /* LeetHub v2 Extension.appex */;
			productType = "com.apple.product-type.app-extension";
		};
/* End PBXNativeTarget section */

/* Begin PBXProject section */
		37EA95CD2A612100008C32BE /* Project object */ = {
			isa = PBXProject;
			attributes = {
				BuildIndependentTargetsInParallel = 1;
				LastSwiftUpdateCheck = 1430;
				LastUpgradeCheck = 1430;
				TargetAttributes = {
					37EA95DF2A612101008C32BE = {
						CreatedOnToolsVersion = 14.3.1;
					};
					37EA95F12A612101008C32BE = {
						CreatedOnToolsVersion = 14.3.1;
					};
					37EA95FE2A612101008C32BE = {
						CreatedOnToolsVersion = 14.3.1;
					};
					37EA96082A612101008C32BE = {
						CreatedOnToolsVersion = 14.3.1;
					};
				};
			};
			buildConfigurationList = 37EA95D02A612100008C32BE /* Build configuration list for PBXProject "LeetHub v2" */;
			compatibilityVersion = "Xcode 14.0";
			developmentRegion = en;
			hasScannedForEncodings = 0;
			knownRegions = (
				en,
				Base,
			);
			mainGroup = 37EA95CC2A612100008C32BE;
			productRefGroup = 37EA95E12A612101008C32BE /* Products */;
			projectDirPath = "";
			projectRoot = "";
			targets = (
				37EA95DF2A612101008C32BE /* LeetHub v2 (iOS) */,
				37EA95F12A612101008C32BE /* LeetHub v2 (macOS) */,
				37EA95FE2A612101008C32BE /* LeetHub v2 Extension (iOS) */,
				37EA96082A612101008C32BE /* LeetHub v2 Extension (macOS) */,
			);
		};
/* End PBXProject section */

/* Begin PBXResourcesBuildPhase section */
		37EA95DE2A612101008C32BE /* Resources */ = {
			isa = PBXResourcesBuildPhase;
			buildActionMask = 2147483647;
			files = (
				37EA96122A612101008C32BE /* Icon.png in Resources */,
				37EA95E92A612101008C32BE /* LaunchScreen.storyboard in Resources */,
				37EA96102A612101008C32BE /* Main.html in Resources */,
				37EA96162A612101008C32BE /* Script.js in Resources */,
				37EA961A2A612101008C32BE /* Assets.xcassets in Resources */,
				37EA95EC2A612101008C32BE /* Main.storyboard in Resources */,
				37EA96142A612101008C32BE /* Style.css in Resources */,
			);
			runOnlyForDeploymentPostprocessing = 0;
		};
		37EA95F02A612101008C32BE /* Resources */ = {
			isa = PBXResourcesBuildPhase;
			buildActionMask = 2147483647;
			files = (
				37EA96132A612101008C32BE /* Icon.png in Resources */,
				37EA96152A612101008C32BE /* Style.css in Resources */,
				37EA95F82A612101008C32BE /* Main.storyboard in Resources */,
				37EA96172A612101008C32BE /* Script.js in Resources */,
				37EA961B2A612101008C32BE /* Assets.xcassets in Resources */,
				37EA96112A612101008C32BE /* Main.html in Resources */,
			);
			runOnlyForDeploymentPostprocessing = 0;
		};
		37EA95FD2A612101008C32BE /* Resources */ = {
			isa = PBXResourcesBuildPhase;
			buildActionMask = 2147483647;
			files = (
				37EA96472A612101008C32BE /* css in Resources */,
				37EA96482A612101008C32BE /* popup.html in Resources */,
				37EA964E2A612101008C32BE /* manifest.json in Resources */,
				37EA96492A612101008C32BE /* README.md in Resources */,
				37EA96462A612101008C32BE /* LICENSE in Resources */,
				37EA96452A612101008C32BE /* popup.js in Resources */,
				37EA964B2A612101008C32BE /* package.json in Resources */,
				37EA964D2A612101008C32BE /* welcome.html in Resources */,
				37EA964A2A612101008C32BE /* package-lock.json in Resources */,
				37EA964C2A612101008C32BE /* scripts in Resources */,
				37EA964F2A612101008C32BE /* assets in Resources */,
			);
			runOnlyForDeploymentPostprocessing = 0;
		};
		37EA96072A612101008C32BE /* Resources */ = {
			isa = PBXResourcesBuildPhase;
			buildActionMask = 2147483647;
			files = (
				37EA963C2A612101008C32BE /* css in Resources */,
				37EA963D2A612101008C32BE /* popup.html in Resources */,
				37EA96432A612101008C32BE /* manifest.json in Resources */,
				37EA963E2A612101008C32BE /* README.md in Resources */,
				37EA963B2A612101008C32BE /* LICENSE in Resources */,
				37EA963A2A612101008C32BE /* popup.js in Resources */,
				37EA96402A612101008C32BE /* package.json in Resources */,
				37EA96422A612101008C32BE /* welcome.html in Resources */,
				37EA963F2A612101008C32BE /* package-lock.json in Resources */,
				37EA96412A612101008C32BE /* scripts in Resources */,
				37EA96442A612101008C32BE /* assets in Resources */,
			);
			runOnlyForDeploymentPostprocessing = 0;
		};
/* End PBXResourcesBuildPhase section */

/* Begin PBXSourcesBuildPhase section */
		37EA95DC2A612101008C32BE /* Sources */ = {
			isa = PBXSourcesBuildPhase;
			buildActionMask = 2147483647;
			files = (
				37EA96182A612101008C32BE /* ViewController.swift in Sources */,
				37EA95E42A612101008C32BE /* AppDelegate.swift in Sources */,
				37EA95E62A612101008C32BE /* SceneDelegate.swift in Sources */,
			);
			runOnlyForDeploymentPostprocessing = 0;
		};
		37EA95EE2A612101008C32BE /* Sources */ = {
			isa = PBXSourcesBuildPhase;
			buildActionMask = 2147483647;
			files = (
				37EA96192A612101008C32BE /* ViewController.swift in Sources */,
				37EA95F52A612101008C32BE /* AppDelegate.swift in Sources */,
			);
			runOnlyForDeploymentPostprocessing = 0;
		};
		37EA95FB2A612101008C32BE /* Sources */ = {
			isa = PBXSourcesBuildPhase;
			buildActionMask = 2147483647;
			files = (
				37EA961C2A612101008C32BE /* SafariWebExtensionHandler.swift in Sources */,
			);
			runOnlyForDeploymentPostprocessing = 0;
		};
		37EA96052A612101008C32BE /* Sources */ = {
			isa = PBXSourcesBuildPhase;
			buildActionMask = 2147483647;
			files = (
				37EA961D2A612101008C32BE /* SafariWebExtensionHandler.swift in Sources */,
			);
			runOnlyForDeploymentPostprocessing = 0;
		};
/* End PBXSourcesBuildPhase section */

/* Begin PBXTargetDependency section */
		37EA96022A612101008C32BE /* PBXTargetDependency */ = {
			isa = PBXTargetDependency;
			target = 37EA95FE2A612101008C32BE /* LeetHub v2 Extension (iOS) */;
			targetProxy = 37EA96012A612101008C32BE /* PBXContainerItemProxy */;
		};
		37EA960C2A612101008C32BE /* PBXTargetDependency */ = {
			isa = PBXTargetDependency;
			target = 37EA96082A612101008C32BE /* LeetHub v2 Extension (macOS) */;
			targetProxy = 37EA960B2A612101008C32BE /* PBXContainerItemProxy */;
		};
/* End PBXTargetDependency section */

/* Begin PBXVariantGroup section */
		37EA95D32A612100008C32BE /* Main.html */ = {
			isa = PBXVariantGroup;
			children = (
				37EA95D42A612100008C32BE /* Base */,
			);
			name = Main.html;
			sourceTree = "<group>";
		};
		37EA95E72A612101008C32BE /* LaunchScreen.storyboard */ = {
			isa = PBXVariantGroup;
			children = (
				37EA95E82A612101008C32BE /* Base */,
			);
			name = LaunchScreen.storyboard;
			sourceTree = "<group>";
		};
		37EA95EA2A612101008C32BE /* Main.storyboard */ = {
			isa = PBXVariantGroup;
			children = (
				37EA95EB2A612101008C32BE /* Base */,
			);
			name = Main.storyboard;
			sourceTree = "<group>";
		};
		37EA95F62A612101008C32BE /* Main.storyboard */ = {
			isa = PBXVariantGroup;
			children = (
				37EA95F72A612101008C32BE /* Base */,
			);
			name = Main.storyboard;
			sourceTree = "<group>";
		};
/* End PBXVariantGroup section */

/* Begin XCBuildConfiguration section */
		37EA961E2A612101008C32BE /* Debug */ = {
			isa = XCBuildConfiguration;
			buildSettings = {
				ALWAYS_SEARCH_USER_PATHS = NO;
				CLANG_ANALYZER_NONNULL = YES;
				CLANG_ANALYZER_NUMBER_OBJECT_CONVERSION = YES_AGGRESSIVE;
				CLANG_CXX_LANGUAGE_STANDARD = "gnu++20";
				CLANG_ENABLE_MODULES = YES;
				CLANG_ENABLE_OBJC_ARC = YES;
				CLANG_ENABLE_OBJC_WEAK = YES;
				CLANG_WARN_BLOCK_CAPTURE_AUTORELEASING = YES;
				CLANG_WARN_BOOL_CONVERSION = YES;
				CLANG_WARN_COMMA = YES;
				CLANG_WARN_CONSTANT_CONVERSION = YES;
				CLANG_WARN_DEPRECATED_OBJC_IMPLEMENTATIONS = YES;
				CLANG_WARN_DIRECT_OBJC_ISA_USAGE = YES_ERROR;
				CLANG_WARN_DOCUMENTATION_COMMENTS = YES;
				CLANG_WARN_EMPTY_BODY = YES;
				CLANG_WARN_ENUM_CONVERSION = YES;
				CLANG_WARN_INFINITE_RECURSION = YES;
				CLANG_WARN_INT_CONVERSION = YES;
				CLANG_WARN_NON_LITERAL_NULL_CONVERSION = YES;
				CLANG_WARN_OBJC_IMPLICIT_RETAIN_SELF = YES;
				CLANG_WARN_OBJC_LITERAL_CONVERSION = YES;
				CLANG_WARN_OBJC_ROOT_CLASS = YES_ERROR;
				CLANG_WARN_QUOTED_INCLUDE_IN_FRAMEWORK_HEADER = YES;
				CLANG_WARN_RANGE_LOOP_ANALYSIS = YES;
				CLANG_WARN_STRICT_PROTOTYPES = YES;
				CLANG_WARN_SUSPICIOUS_MOVE = YES;
				CLANG_WARN_UNGUARDED_AVAILABILITY = YES_AGGRESSIVE;
				CLANG_WARN_UNREACHABLE_CODE = YES;
				CLANG_WARN__DUPLICATE_METHOD_MATCH = YES;
				COPY_PHASE_STRIP = NO;
				DEBUG_INFORMATION_FORMAT = dwarf;
				ENABLE_STRICT_OBJC_MSGSEND = YES;
				ENABLE_TESTABILITY = YES;
				GCC_C_LANGUAGE_STANDARD = gnu11;
				GCC_DYNAMIC_NO_PIC = NO;
				GCC_NO_COMMON_BLOCKS = YES;
				GCC_OPTIMIZATION_LEVEL = 0;
				GCC_PREPROCESSOR_DEFINITIONS = (
					"DEBUG=1",
					"$(inherited)",
				);
				GCC_WARN_64_TO_32_BIT_CONVERSION = YES;
				GCC_WARN_ABOUT_RETURN_TYPE = YES_ERROR;
				GCC_WARN_UNDECLARED_SELECTOR = YES;
				GCC_WARN_UNINITIALIZED_AUTOS = YES_AGGRESSIVE;
				GCC_WARN_UNUSED_FUNCTION = YES;
				GCC_WARN_UNUSED_VARIABLE = YES;
				MTL_ENABLE_DEBUG_INFO = INCLUDE_SOURCE;
				MTL_FAST_MATH = YES;
				ONLY_ACTIVE_ARCH = YES;
				SWIFT_ACTIVE_COMPILATION_CONDITIONS = DEBUG;
				SWIFT_OPTIMIZATION_LEVEL = "-Onone";
			};
			name = Debug;
		};
		37EA961F2A612101008C32BE /* Release */ = {
			isa = XCBuildConfiguration;
			buildSettings = {
				ALWAYS_SEARCH_USER_PATHS = NO;
				CLANG_ANALYZER_NONNULL = YES;
				CLANG_ANALYZER_NUMBER_OBJECT_CONVERSION = YES_AGGRESSIVE;
				CLANG_CXX_LANGUAGE_STANDARD = "gnu++20";
				CLANG_ENABLE_MODULES = YES;
				CLANG_ENABLE_OBJC_ARC = YES;
				CLANG_ENABLE_OBJC_WEAK = YES;
				CLANG_WARN_BLOCK_CAPTURE_AUTORELEASING = YES;
				CLANG_WARN_BOOL_CONVERSION = YES;
				CLANG_WARN_COMMA = YES;
				CLANG_WARN_CONSTANT_CONVERSION = YES;
				CLANG_WARN_DEPRECATED_OBJC_IMPLEMENTATIONS = YES;
				CLANG_WARN_DIRECT_OBJC_ISA_USAGE = YES_ERROR;
				CLANG_WARN_DOCUMENTATION_COMMENTS = YES;
				CLANG_WARN_EMPTY_BODY = YES;
				CLANG_WARN_ENUM_CONVERSION = YES;
				CLANG_WARN_INFINITE_RECURSION = YES;
				CLANG_WARN_INT_CONVERSION = YES;
				CLANG_WARN_NON_LITERAL_NULL_CONVERSION = YES;
				CLANG_WARN_OBJC_IMPLICIT_RETAIN_SELF = YES;
				CLANG_WARN_OBJC_LITERAL_CONVERSION = YES;
				CLANG_WARN_OBJC_ROOT_CLASS = YES_ERROR;
				CLANG_WARN_QUOTED_INCLUDE_IN_FRAMEWORK_HEADER = YES;
				CLANG_WARN_RANGE_LOOP_ANALYSIS = YES;
				CLANG_WARN_STRICT_PROTOTYPES = YES;
				CLANG_WARN_SUSPICIOUS_MOVE = YES;
				CLANG_WARN_UNGUARDED_AVAILABILITY = YES_AGGRESSIVE;
				CLANG_WARN_UNREACHABLE_CODE = YES;
				CLANG_WARN__DUPLICATE_METHOD_MATCH = YES;
				COPY_PHASE_STRIP = NO;
				DEBUG_INFORMATION_FORMAT = "dwarf-with-dsym";
				ENABLE_NS_ASSERTIONS = NO;
				ENABLE_STRICT_OBJC_MSGSEND = YES;
				GCC_C_LANGUAGE_STANDARD = gnu11;
				GCC_NO_COMMON_BLOCKS = YES;
				GCC_WARN_64_TO_32_BIT_CONVERSION = YES;
				GCC_WARN_ABOUT_RETURN_TYPE = YES_ERROR;
				GCC_WARN_UNDECLARED_SELECTOR = YES;
				GCC_WARN_UNINITIALIZED_AUTOS = YES_AGGRESSIVE;
				GCC_WARN_UNUSED_FUNCTION = YES;
				GCC_WARN_UNUSED_VARIABLE = YES;
				MTL_ENABLE_DEBUG_INFO = NO;
				MTL_FAST_MATH = YES;
				SWIFT_COMPILATION_MODE = wholemodule;
				SWIFT_OPTIMIZATION_LEVEL = "-O";
			};
			name = Release;
		};
		37EA96212A612101008C32BE /* Debug */ = {
			isa = XCBuildConfiguration;
			buildSettings = {
				CODE_SIGN_STYLE = Automatic;
				CURRENT_PROJECT_VERSION = 1;
				GENERATE_INFOPLIST_FILE = YES;
				INFOPLIST_FILE = "iOS (Extension)/Info.plist";
				INFOPLIST_KEY_CFBundleDisplayName = "LeetHub v2 Extension";
				INFOPLIST_KEY_NSHumanReadableCopyright = "";
				IPHONEOS_DEPLOYMENT_TARGET = 15.0;
				LD_RUNPATH_SEARCH_PATHS = (
					"$(inherited)",
					"@executable_path/Frameworks",
					"@executable_path/../../Frameworks",
				);
				MARKETING_VERSION = 1.0;
				OTHER_LDFLAGS = (
					"-framework",
					SafariServices,
				);
				PRODUCT_BUNDLE_IDENTIFIER = "com.github.LeetHub-v2.Extension";
				PRODUCT_NAME = "LeetHub v2 Extension";
				SDKROOT = iphoneos;
				SKIP_INSTALL = YES;
				SWIFT_EMIT_LOC_STRINGS = YES;
				SWIFT_VERSION = 5.0;
				TARGETED_DEVICE_FAMILY = "1,2";
			};
			name = Debug;
		};
		37EA96222A612101008C32BE /* Release */ = {
			isa = XCBuildConfiguration;
			buildSettings = {
				CODE_SIGN_STYLE = Automatic;
				CURRENT_PROJECT_VERSION = 1;
				GENERATE_INFOPLIST_FILE = YES;
				INFOPLIST_FILE = "iOS (Extension)/Info.plist";
				INFOPLIST_KEY_CFBundleDisplayName = "LeetHub v2 Extension";
				INFOPLIST_KEY_NSHumanReadableCopyright = "";
				IPHONEOS_DEPLOYMENT_TARGET = 15.0;
				LD_RUNPATH_SEARCH_PATHS = (
					"$(inherited)",
					"@executable_path/Frameworks",
					"@executable_path/../../Frameworks",
				);
				MARKETING_VERSION = 1.0;
				OTHER_LDFLAGS = (
					"-framework",
					SafariServices,
				);
				PRODUCT_BUNDLE_IDENTIFIER = "com.github.LeetHub-v2.Extension";
				PRODUCT_NAME = "LeetHub v2 Extension";
				SDKROOT = iphoneos;
				SKIP_INSTALL = YES;
				SWIFT_EMIT_LOC_STRINGS = YES;
				SWIFT_VERSION = 5.0;
				TARGETED_DEVICE_FAMILY = "1,2";
				VALIDATE_PRODUCT = YES;
			};
			name = Release;
		};
		37EA96252A612101008C32BE /* Debug */ = {
			isa = XCBuildConfiguration;
			buildSettings = {
				ALWAYS_EMBED_SWIFT_STANDARD_LIBRARIES = YES;
				ASSETCATALOG_COMPILER_APPICON_NAME = AppIcon;
				ASSETCATALOG_COMPILER_GLOBAL_ACCENT_COLOR_NAME = AccentColor;
				CODE_SIGN_STYLE = Automatic;
				CURRENT_PROJECT_VERSION = 1;
				GENERATE_INFOPLIST_FILE = YES;
				INFOPLIST_FILE = "iOS (App)/Info.plist";
				INFOPLIST_KEY_CFBundleDisplayName = "LeetHub v2";
				INFOPLIST_KEY_UIApplicationSupportsIndirectInputEvents = YES;
				INFOPLIST_KEY_UILaunchStoryboardName = LaunchScreen;
				INFOPLIST_KEY_UIMainStoryboardFile = Main;
				INFOPLIST_KEY_UISupportedInterfaceOrientations = "UIInterfaceOrientationPortrait UIInterfaceOrientationLandscapeLeft UIInterfaceOrientationLandscapeRight";
				INFOPLIST_KEY_UISupportedInterfaceOrientations_iPad = "UIInterfaceOrientationPortrait UIInterfaceOrientationPortraitUpsideDown UIInterfaceOrientationLandscapeLeft UIInterfaceOrientationLandscapeRight";
				IPHONEOS_DEPLOYMENT_TARGET = 15.0;
				LD_RUNPATH_SEARCH_PATHS = (
					"$(inherited)",
					"@executable_path/Frameworks",
				);
				MARKETING_VERSION = 1.0;
				OTHER_LDFLAGS = (
					"-framework",
					SafariServices,
					"-framework",
					WebKit,
				);
				PRODUCT_BUNDLE_IDENTIFIER = "com.github.LeetHub-v2";
				PRODUCT_NAME = "LeetHub v2";
				SDKROOT = iphoneos;
				SWIFT_EMIT_LOC_STRINGS = YES;
				SWIFT_VERSION = 5.0;
				TARGETED_DEVICE_FAMILY = "1,2";
			};
			name = Debug;
		};
		37EA96262A612101008C32BE /* Release */ = {
			isa = XCBuildConfiguration;
			buildSettings = {
				ALWAYS_EMBED_SWIFT_STANDARD_LIBRARIES = YES;
				ASSETCATALOG_COMPILER_APPICON_NAME = AppIcon;
				ASSETCATALOG_COMPILER_GLOBAL_ACCENT_COLOR_NAME = AccentColor;
				CODE_SIGN_STYLE = Automatic;
				CURRENT_PROJECT_VERSION = 1;
				GENERATE_INFOPLIST_FILE = YES;
				INFOPLIST_FILE = "iOS (App)/Info.plist";
				INFOPLIST_KEY_CFBundleDisplayName = "LeetHub v2";
				INFOPLIST_KEY_UIApplicationSupportsIndirectInputEvents = YES;
				INFOPLIST_KEY_UILaunchStoryboardName = LaunchScreen;
				INFOPLIST_KEY_UIMainStoryboardFile = Main;
				INFOPLIST_KEY_UISupportedInterfaceOrientations = "UIInterfaceOrientationPortrait UIInterfaceOrientationLandscapeLeft UIInterfaceOrientationLandscapeRight";
				INFOPLIST_KEY_UISupportedInterfaceOrientations_iPad = "UIInterfaceOrientationPortrait UIInterfaceOrientationPortraitUpsideDown UIInterfaceOrientationLandscapeLeft UIInterfaceOrientationLandscapeRight";
				IPHONEOS_DEPLOYMENT_TARGET = 15.0;
				LD_RUNPATH_SEARCH_PATHS = (
					"$(inherited)",
					"@executable_path/Frameworks",
				);
				MARKETING_VERSION = 1.0;
				OTHER_LDFLAGS = (
					"-framework",
					SafariServices,
					"-framework",
					WebKit,
				);
				PRODUCT_BUNDLE_IDENTIFIER = "com.github.LeetHub-v2";
				PRODUCT_NAME = "LeetHub v2";
				SDKROOT = iphoneos;
				SWIFT_EMIT_LOC_STRINGS = YES;
				SWIFT_VERSION = 5.0;
				TARGETED_DEVICE_FAMILY = "1,2";
				VALIDATE_PRODUCT = YES;
			};
			name = Release;
		};
		37EA96282A612101008C32BE /* Debug */ = {
			isa = XCBuildConfiguration;
			buildSettings = {
				CODE_SIGN_ENTITLEMENTS = "macOS (Extension)/LeetHub v2.entitlements";
				CODE_SIGN_STYLE = Automatic;
				CURRENT_PROJECT_VERSION = 1;
				ENABLE_HARDENED_RUNTIME = YES;
				GENERATE_INFOPLIST_FILE = YES;
				INFOPLIST_FILE = "macOS (Extension)/Info.plist";
				INFOPLIST_KEY_CFBundleDisplayName = "LeetHub v2 Extension";
				INFOPLIST_KEY_NSHumanReadableCopyright = "";
				LD_RUNPATH_SEARCH_PATHS = (
					"$(inherited)",
					"@executable_path/../Frameworks",
					"@executable_path/../../../../Frameworks",
				);
				MACOSX_DEPLOYMENT_TARGET = 10.14;
				MARKETING_VERSION = 1.0;
				OTHER_LDFLAGS = (
					"-framework",
					SafariServices,
				);
				PRODUCT_BUNDLE_IDENTIFIER = "com.github.LeetHub-v2.Extension";
				PRODUCT_NAME = "LeetHub v2 Extension";
				SDKROOT = macosx;
				SKIP_INSTALL = YES;
				SWIFT_EMIT_LOC_STRINGS = YES;
				SWIFT_VERSION = 5.0;
			};
			name = Debug;
		};
		37EA96292A612101008C32BE /* Release */ = {
			isa = XCBuildConfiguration;
			buildSettings = {
				CODE_SIGN_ENTITLEMENTS = "macOS (Extension)/LeetHub v2.entitlements";
				CODE_SIGN_STYLE = Automatic;
				CURRENT_PROJECT_VERSION = 1;
				ENABLE_HARDENED_RUNTIME = YES;
				GENERATE_INFOPLIST_FILE = YES;
				INFOPLIST_FILE = "macOS (Extension)/Info.plist";
				INFOPLIST_KEY_CFBundleDisplayName = "LeetHub v2 Extension";
				INFOPLIST_KEY_NSHumanReadableCopyright = "";
				LD_RUNPATH_SEARCH_PATHS = (
					"$(inherited)",
					"@executable_path/../Frameworks",
					"@executable_path/../../../../Frameworks",
				);
				MACOSX_DEPLOYMENT_TARGET = 10.14;
				MARKETING_VERSION = 1.0;
				OTHER_LDFLAGS = (
					"-framework",
					SafariServices,
				);
				PRODUCT_BUNDLE_IDENTIFIER = "com.github.LeetHub-v2.Extension";
				PRODUCT_NAME = "LeetHub v2 Extension";
				SDKROOT = macosx;
				SKIP_INSTALL = YES;
				SWIFT_EMIT_LOC_STRINGS = YES;
				SWIFT_VERSION = 5.0;
			};
			name = Release;
		};
		37EA962C2A612101008C32BE /* Debug */ = {
			isa = XCBuildConfiguration;
			buildSettings = {
				ALWAYS_EMBED_SWIFT_STANDARD_LIBRARIES = YES;
				ASSETCATALOG_COMPILER_APPICON_NAME = AppIcon;
				ASSETCATALOG_COMPILER_GLOBAL_ACCENT_COLOR_NAME = AccentColor;
				CODE_SIGN_ENTITLEMENTS = "macOS (App)/LeetHub v2.entitlements";
				CODE_SIGN_STYLE = Automatic;
				CURRENT_PROJECT_VERSION = 1;
				ENABLE_HARDENED_RUNTIME = YES;
				GENERATE_INFOPLIST_FILE = YES;
				INFOPLIST_FILE = "macOS (App)/Info.plist";
				INFOPLIST_KEY_CFBundleDisplayName = "LeetHub v2";
				INFOPLIST_KEY_NSMainStoryboardFile = Main;
				INFOPLIST_KEY_NSPrincipalClass = NSApplication;
				LD_RUNPATH_SEARCH_PATHS = (
					"$(inherited)",
					"@executable_path/../Frameworks",
				);
				MACOSX_DEPLOYMENT_TARGET = 10.14;
				MARKETING_VERSION = 1.0;
				OTHER_LDFLAGS = (
					"-framework",
					SafariServices,
					"-framework",
					WebKit,
				);
				PRODUCT_BUNDLE_IDENTIFIER = "com.github.LeetHub-v2";
				PRODUCT_NAME = "LeetHub v2";
				SDKROOT = macosx;
				SWIFT_EMIT_LOC_STRINGS = YES;
				SWIFT_VERSION = 5.0;
			};
			name = Debug;
		};
		37EA962D2A612101008C32BE /* Release */ = {
			isa = XCBuildConfiguration;
			buildSettings = {
				ALWAYS_EMBED_SWIFT_STANDARD_LIBRARIES = YES;
				ASSETCATALOG_COMPILER_APPICON_NAME = AppIcon;
				ASSETCATALOG_COMPILER_GLOBAL_ACCENT_COLOR_NAME = AccentColor;
				CODE_SIGN_ENTITLEMENTS = "macOS (App)/LeetHub v2.entitlements";
				CODE_SIGN_STYLE = Automatic;
				CURRENT_PROJECT_VERSION = 1;
				ENABLE_HARDENED_RUNTIME = YES;
				GENERATE_INFOPLIST_FILE = YES;
				INFOPLIST_FILE = "macOS (App)/Info.plist";
				INFOPLIST_KEY_CFBundleDisplayName = "LeetHub v2";
				INFOPLIST_KEY_NSMainStoryboardFile = Main;
				INFOPLIST_KEY_NSPrincipalClass = NSApplication;
				LD_RUNPATH_SEARCH_PATHS = (
					"$(inherited)",
					"@executable_path/../Frameworks",
				);
				MACOSX_DEPLOYMENT_TARGET = 10.14;
				MARKETING_VERSION = 1.0;
				OTHER_LDFLAGS = (
					"-framework",
					SafariServices,
					"-framework",
					WebKit,
				);
				PRODUCT_BUNDLE_IDENTIFIER = "com.github.LeetHub-v2";
				PRODUCT_NAME = "LeetHub v2";
				SDKROOT = macosx;
				SWIFT_EMIT_LOC_STRINGS = YES;
				SWIFT_VERSION = 5.0;
			};
			name = Release;
		};
/* End XCBuildConfiguration section */

/* Begin XCConfigurationList section */
		37EA95D02A612100008C32BE /* Build configuration list for PBXProject "LeetHub v2" */ = {
			isa = XCConfigurationList;
			buildConfigurations = (
				37EA961E2A612101008C32BE /* Debug */,
				37EA961F2A612101008C32BE /* Release */,
			);
			defaultConfigurationIsVisible = 0;
			defaultConfigurationName = Release;
		};
		37EA96202A612101008C32BE /* Build configuration list for PBXNativeTarget "LeetHub v2 Extension (iOS)" */ = {
			isa = XCConfigurationList;
			buildConfigurations = (
				37EA96212A612101008C32BE /* Debug */,
				37EA96222A612101008C32BE /* Release */,
			);
			defaultConfigurationIsVisible = 0;
			defaultConfigurationName = Release;
		};
		37EA96242A612101008C32BE /* Build configuration list for PBXNativeTarget "LeetHub v2 (iOS)" */ = {
			isa = XCConfigurationList;
			buildConfigurations = (
				37EA96252A612101008C32BE /* Debug */,
				37EA96262A612101008C32BE /* Release */,
			);
			defaultConfigurationIsVisible = 0;
			defaultConfigurationName = Release;
		};
		37EA96272A612101008C32BE /* Build configuration list for PBXNativeTarget "LeetHub v2 Extension (macOS)" */ = {
			isa = XCConfigurationList;
			buildConfigurations = (
				37EA96282A612101008C32BE /* Debug */,
				37EA96292A612101008C32BE /* Release */,
			);
			defaultConfigurationIsVisible = 0;
			defaultConfigurationName = Release;
		};
		37EA962B2A612101008C32BE /* Build configuration list for PBXNativeTarget "LeetHub v2 (macOS)" */ = {
			isa = XCConfigurationList;
			buildConfigurations = (
				37EA962C2A612101008C32BE /* Debug */,
				37EA962D2A612101008C32BE /* Release */,
			);
			defaultConfigurationIsVisible = 0;
			defaultConfigurationName = Release;
		};
/* End XCConfigurationList section */
	};
	rootObject = 37EA95CD2A612100008C32BE /* Project object */;
}
